// !$*UTF8*$!
{
	archiveVersion = 1;
	classes = {
	};
	objectVersion = 45;
	objects = {

/* Begin PBXFileReference section */
		B027B6C011EB89C10065201B /* boot0.s */ = {isa = PBXFileReference; fileEncoding = 4; lastKnownFileType = sourcecode.asm; path = boot0.s; sourceTree = "<group>"; };
		B027B6C111EB89C10065201B /* chain0.s */ = {isa = PBXFileReference; fileEncoding = 4; lastKnownFileType = sourcecode.asm; path = chain0.s; sourceTree = "<group>"; };
		B027B6C411EB89C10065201B /* boot1.asm */ = {isa = PBXFileReference; fileEncoding = 4; lastKnownFileType = sourcecode.asm.asm; path = boot1.asm; sourceTree = "<group>"; };
		B027B6C511EB89C10065201B /* boot1.s */ = {isa = PBXFileReference; fileEncoding = 4; lastKnownFileType = sourcecode.asm; path = boot1.s; sourceTree = "<group>"; };
		B027B6C611EB89C10065201B /* boot1f32.s */ = {isa = PBXFileReference; fileEncoding = 4; lastKnownFileType = sourcecode.asm; path = boot1f32.s; sourceTree = "<group>"; };
		B027B6C711EB89C10065201B /* boot1he.s */ = {isa = PBXFileReference; fileEncoding = 4; lastKnownFileType = sourcecode.asm; path = boot1he.s; sourceTree = "<group>"; };
		B027B6C811EB89C10065201B /* boot1hp.s */ = {isa = PBXFileReference; fileEncoding = 4; lastKnownFileType = sourcecode.asm; path = boot1hp.s; sourceTree = "<group>"; };
		B027B6CB11EB89C10065201B /* appleboot.h */ = {isa = PBXFileReference; fileEncoding = 4; lastKnownFileType = sourcecode.c.h; path = appleboot.h; sourceTree = "<group>"; };
		B027B6CC11EB89C10065201B /* appleClut8.h */ = {isa = PBXFileReference; fileEncoding = 4; lastKnownFileType = sourcecode.c.h; path = appleClut8.h; sourceTree = "<group>"; };
		B027B6CD11EB89C10065201B /* bmdecompress.c */ = {isa = PBXFileReference; fileEncoding = 4; lastKnownFileType = sourcecode.c.c; path = bmdecompress.c; sourceTree = "<group>"; };
		B027B6CE11EB89C10065201B /* boot.c */ = {isa = PBXFileReference; fileEncoding = 4; lastKnownFileType = sourcecode.c.c; path = boot.c; sourceTree = "<group>"; };
		B027B6CF11EB89C10065201B /* boot.h */ = {isa = PBXFileReference; fileEncoding = 4; lastKnownFileType = sourcecode.c.h; path = boot.h; sourceTree = "<group>"; };
		B027B6D011EB89C10065201B /* boot2.s */ = {isa = PBXFileReference; fileEncoding = 4; lastKnownFileType = sourcecode.asm; path = boot2.s; sourceTree = "<group>"; };
		B027B6D111EB89C10065201B /* drivers.c */ = {isa = PBXFileReference; fileEncoding = 4; lastKnownFileType = sourcecode.c.c; path = drivers.c; sourceTree = "<group>"; };
		B027B6D211EB89C10065201B /* graphic_utils.c */ = {isa = PBXFileReference; fileEncoding = 4; lastKnownFileType = sourcecode.c.c; path = graphic_utils.c; sourceTree = "<group>"; };
		B027B6D311EB89C10065201B /* graphic_utils.h */ = {isa = PBXFileReference; fileEncoding = 4; lastKnownFileType = sourcecode.c.h; path = graphic_utils.h; sourceTree = "<group>"; };
		B027B6D411EB89C10065201B /* graphics.c */ = {isa = PBXFileReference; fileEncoding = 4; lastKnownFileType = sourcecode.c.c; path = graphics.c; sourceTree = "<group>"; };
		B027B6D511EB89C10065201B /* graphics.h */ = {isa = PBXFileReference; fileEncoding = 4; lastKnownFileType = sourcecode.c.h; path = graphics.h; sourceTree = "<group>"; };
		B027B6D611EB89C10065201B /* gui.c */ = {isa = PBXFileReference; fileEncoding = 4; lastKnownFileType = sourcecode.c.c; path = gui.c; sourceTree = "<group>"; };
		B027B6D711EB89C10065201B /* gui.h */ = {isa = PBXFileReference; fileEncoding = 4; lastKnownFileType = sourcecode.c.h; path = gui.h; sourceTree = "<group>"; };
		B027B6D811EB89C10065201B /* IOHibernatePrivate.h */ = {isa = PBXFileReference; fileEncoding = 4; lastKnownFileType = sourcecode.c.h; path = IOHibernatePrivate.h; sourceTree = "<group>"; };
		B027B6D911EB89C10065201B /* lzss.c */ = {isa = PBXFileReference; fileEncoding = 4; lastKnownFileType = sourcecode.c.c; path = lzss.c; sourceTree = "<group>"; };
		B027B6DB11EB89C10065201B /* mboot.c */ = {isa = PBXFileReference; fileEncoding = 4; lastKnownFileType = sourcecode.c.c; path = mboot.c; sourceTree = "<group>"; };
		B027B6DC11EB89C10065201B /* mboot.h */ = {isa = PBXFileReference; fileEncoding = 4; lastKnownFileType = sourcecode.c.h; path = mboot.h; sourceTree = "<group>"; };
		B027B6DD11EB89C10065201B /* multiboot.h */ = {isa = PBXFileReference; fileEncoding = 4; lastKnownFileType = sourcecode.c.h; path = multiboot.h; sourceTree = "<group>"; };
		B027B6DE11EB89C10065201B /* options.c */ = {isa = PBXFileReference; fileEncoding = 4; lastKnownFileType = sourcecode.c.c; path = options.c; sourceTree = "<group>"; };
		B027B6DF11EB89C10065201B /* picopng.c */ = {isa = PBXFileReference; fileEncoding = 4; lastKnownFileType = sourcecode.c.c; path = picopng.c; sourceTree = "<group>"; };
		B027B6E011EB89C10065201B /* picopng.h */ = {isa = PBXFileReference; fileEncoding = 4; lastKnownFileType = sourcecode.c.h; path = picopng.h; sourceTree = "<group>"; };
		B027B6E111EB89C10065201B /* prompt.c */ = {isa = PBXFileReference; fileEncoding = 4; lastKnownFileType = sourcecode.c.c; path = prompt.c; sourceTree = "<group>"; };
		B027B6E211EB89C10065201B /* ramdisk.c */ = {isa = PBXFileReference; fileEncoding = 4; lastKnownFileType = sourcecode.c.c; path = ramdisk.c; sourceTree = "<group>"; };
		B027B6E311EB89C10065201B /* ramdisk.h */ = {isa = PBXFileReference; fileEncoding = 4; lastKnownFileType = sourcecode.c.h; path = ramdisk.h; sourceTree = "<group>"; };
		B027B6E411EB89C10065201B /* resume.c */ = {isa = PBXFileReference; fileEncoding = 4; lastKnownFileType = sourcecode.c.c; path = resume.c; sourceTree = "<group>"; };
		B027B6E511EB89C10065201B /* WKdm.h */ = {isa = PBXFileReference; fileEncoding = 4; lastKnownFileType = sourcecode.c.h; path = WKdm.h; sourceTree = "<group>"; };
		B027B6E611EB89C10065201B /* WKdmDecompress.c */ = {isa = PBXFileReference; fileEncoding = 4; lastKnownFileType = sourcecode.c.c; path = WKdmDecompress.c; sourceTree = "<group>"; };
		B027B6E811EB89C10065201B /* cdboot.s */ = {isa = PBXFileReference; fileEncoding = 4; lastKnownFileType = sourcecode.asm; path = cdboot.s; sourceTree = "<group>"; };
		B027B6E911EB89C10065201B /* cdboothdd.s */ = {isa = PBXFileReference; fileEncoding = 4; lastKnownFileType = sourcecode.asm; path = cdboothdd.s; sourceTree = "<group>"; };
		B027B6EC11EB89C10065201B /* Limits */ = {isa = PBXFileReference; fileEncoding = 4; lastKnownFileType = text; path = Limits; sourceTree = "<group>"; };
		B027B6ED11EB89C10065201B /* README */ = {isa = PBXFileReference; fileEncoding = 4; lastKnownFileType = text; path = README; sourceTree = "<group>"; };
		B027B6EF11EB89C10065201B /* efi_tables.c */ = {isa = PBXFileReference; fileEncoding = 4; lastKnownFileType = sourcecode.c.c; path = efi_tables.c; sourceTree = "<group>"; };
		B027B6F011EB89C10065201B /* efi_tables.h */ = {isa = PBXFileReference; fileEncoding = 4; lastKnownFileType = sourcecode.c.h; path = efi_tables.h; sourceTree = "<group>"; };
		B027B6F111EB89C10065201B /* error.c */ = {isa = PBXFileReference; fileEncoding = 4; lastKnownFileType = sourcecode.c.c; path = error.c; sourceTree = "<group>"; };
		B027B6F211EB89C10065201B /* libsa.h */ = {isa = PBXFileReference; fileEncoding = 4; lastKnownFileType = sourcecode.c.h; path = libsa.h; sourceTree = "<group>"; };
		B027B6F411EB89C10065201B /* memory.h */ = {isa = PBXFileReference; fileEncoding = 4; lastKnownFileType = sourcecode.c.h; path = memory.h; sourceTree = "<group>"; };
		B027B6F511EB89C10065201B /* prf.c */ = {isa = PBXFileReference; fileEncoding = 4; lastKnownFileType = sourcecode.c.c; path = prf.c; sourceTree = "<group>"; };
		B027B6F611EB89C10065201B /* printf.c */ = {isa = PBXFileReference; fileEncoding = 4; lastKnownFileType = sourcecode.c.c; path = printf.c; sourceTree = "<group>"; };
		B027B6F711EB89C10065201B /* qsort.c */ = {isa = PBXFileReference; fileEncoding = 4; lastKnownFileType = sourcecode.c.c; path = qsort.c; sourceTree = "<group>"; };
		B027B6F811EB89C10065201B /* setjmp.s */ = {isa = PBXFileReference; fileEncoding = 4; lastKnownFileType = sourcecode.asm; path = setjmp.s; sourceTree = "<group>"; };
		B027B6F911EB89C10065201B /* string.c */ = {isa = PBXFileReference; fileEncoding = 4; lastKnownFileType = sourcecode.c.c; path = string.c; sourceTree = "<group>"; };
		B027B6FA11EB89C10065201B /* strtol.c */ = {isa = PBXFileReference; fileEncoding = 4; lastKnownFileType = sourcecode.c.c; path = strtol.c; sourceTree = "<group>"; };
		B027B6FB11EB89C10065201B /* zalloc.c */ = {isa = PBXFileReference; fileEncoding = 4; lastKnownFileType = sourcecode.c.c; path = zalloc.c; sourceTree = "<group>"; };
		B027B6FD11EB89C10065201B /* acpi.h */ = {isa = PBXFileReference; fileEncoding = 4; lastKnownFileType = sourcecode.c.h; path = acpi.h; sourceTree = "<group>"; };
		B027B6FE11EB89C10065201B /* allocate.c */ = {isa = PBXFileReference; fileEncoding = 4; lastKnownFileType = sourcecode.c.c; path = allocate.c; sourceTree = "<group>"; };
		B027B6FF11EB89C10065201B /* asm.s */ = {isa = PBXFileReference; fileEncoding = 4; lastKnownFileType = sourcecode.asm; path = asm.s; sourceTree = "<group>"; };
		B027B70011EB89C10065201B /* ati.c */ = {isa = PBXFileReference; fileEncoding = 4; lastKnownFileType = sourcecode.c.c; path = ati.c; sourceTree = "<group>"; };
		B027B70111EB89C10065201B /* ati.h */ = {isa = PBXFileReference; fileEncoding = 4; lastKnownFileType = sourcecode.c.h; path = ati.h; sourceTree = "<group>"; };
		B027B70211EB89C10065201B /* bios.h */ = {isa = PBXFileReference; fileEncoding = 4; lastKnownFileType = sourcecode.c.h; path = bios.h; sourceTree = "<group>"; };
		B027B70311EB89C10065201B /* bios.s */ = {isa = PBXFileReference; fileEncoding = 4; lastKnownFileType = sourcecode.asm; path = bios.s; sourceTree = "<group>"; };
		B027B70411EB89C10065201B /* biosfn.c */ = {isa = PBXFileReference; fileEncoding = 4; lastKnownFileType = sourcecode.c.c; path = biosfn.c; sourceTree = "<group>"; };
		B027B70511EB89C10065201B /* bootstruct.c */ = {isa = PBXFileReference; fileEncoding = 4; lastKnownFileType = sourcecode.c.c; path = bootstruct.c; sourceTree = "<group>"; };
		B027B70611EB89C10065201B /* bootstruct.h */ = {isa = PBXFileReference; fileEncoding = 4; lastKnownFileType = sourcecode.c.h; path = bootstruct.h; sourceTree = "<group>"; };
		B027B70711EB89C10065201B /* cache.c */ = {isa = PBXFileReference; fileEncoding = 4; lastKnownFileType = sourcecode.c.c; path = cache.c; sourceTree = "<group>"; };
		B027B70811EB89C10065201B /* console.c */ = {isa = PBXFileReference; fileEncoding = 4; lastKnownFileType = sourcecode.c.c; path = console.c; sourceTree = "<group>"; };
		B027B70911EB89C10065201B /* cpu.c */ = {isa = PBXFileReference; fileEncoding = 4; lastKnownFileType = sourcecode.c.c; path = cpu.c; sourceTree = "<group>"; };
		B027B70A11EB89C10065201B /* cpu.h */ = {isa = PBXFileReference; fileEncoding = 4; lastKnownFileType = sourcecode.c.h; path = cpu.h; sourceTree = "<group>"; };
		B027B70B11EB89C10065201B /* device_inject.c */ = {isa = PBXFileReference; fileEncoding = 4; lastKnownFileType = sourcecode.c.c; path = device_inject.c; sourceTree = "<group>"; };
		B027B70C11EB89C10065201B /* device_inject.h */ = {isa = PBXFileReference; fileEncoding = 4; lastKnownFileType = sourcecode.c.h; path = device_inject.h; sourceTree = "<group>"; };
		B027B70D11EB89C10065201B /* device_tree.c */ = {isa = PBXFileReference; fileEncoding = 4; lastKnownFileType = sourcecode.c.c; path = device_tree.c; sourceTree = "<group>"; };
		B027B70E11EB89C10065201B /* device_tree.h */ = {isa = PBXFileReference; fileEncoding = 4; lastKnownFileType = sourcecode.c.h; path = device_tree.h; sourceTree = "<group>"; };
		B027B70F11EB89C10065201B /* disk.c */ = {isa = PBXFileReference; fileEncoding = 4; lastKnownFileType = sourcecode.c.c; path = disk.c; sourceTree = "<group>"; };
		B027B71011EB89C10065201B /* acpi_patcher.c */ = {isa = PBXFileReference; fileEncoding = 4; lastKnownFileType = sourcecode.c.c; path = acpi_patcher.c; sourceTree = "<group>"; };
		B027B71111EB89C10065201B /* acpi_patcher.h */ = {isa = PBXFileReference; fileEncoding = 4; lastKnownFileType = sourcecode.c.h; path = acpi_patcher.h; sourceTree = "<group>"; };
		B027B71211EB89C10065201B /* efi.h */ = {isa = PBXFileReference; fileEncoding = 4; lastKnownFileType = sourcecode.c.h; path = efi.h; sourceTree = "<group>"; };
		B027B71311EB89C10065201B /* ext2fs.c */ = {isa = PBXFileReference; fileEncoding = 4; lastKnownFileType = sourcecode.c.c; path = ext2fs.c; sourceTree = "<group>"; };
		B027B71411EB89C10065201B /* ext2fs.h */ = {isa = PBXFileReference; fileEncoding = 4; lastKnownFileType = sourcecode.c.h; path = ext2fs.h; sourceTree = "<group>"; };
		B027B71511EB89C10065201B /* fake_efi.c */ = {isa = PBXFileReference; fileEncoding = 4; lastKnownFileType = sourcecode.c.c; path = fake_efi.c; sourceTree = "<group>"; };
		B027B71611EB89C10065201B /* fake_efi.h */ = {isa = PBXFileReference; fileEncoding = 4; lastKnownFileType = sourcecode.c.h; path = fake_efi.h; sourceTree = "<group>"; };
		B027B71711EB89C10065201B /* fdisk.h */ = {isa = PBXFileReference; fileEncoding = 4; lastKnownFileType = sourcecode.c.h; path = fdisk.h; sourceTree = "<group>"; };
		B027B71811EB89C10065201B /* hfs.c */ = {isa = PBXFileReference; fileEncoding = 4; lastKnownFileType = sourcecode.c.c; path = hfs.c; sourceTree = "<group>"; };
		B027B71911EB89C10065201B /* hfs.h */ = {isa = PBXFileReference; fileEncoding = 4; lastKnownFileType = sourcecode.c.h; path = hfs.h; sourceTree = "<group>"; };
		B027B71A11EB89C10065201B /* hfs_CaseTables.h */ = {isa = PBXFileReference; fileEncoding = 4; lastKnownFileType = sourcecode.c.h; path = hfs_CaseTables.h; sourceTree = "<group>"; };
		B027B71B11EB89C10065201B /* hfs_compare.c */ = {isa = PBXFileReference; fileEncoding = 4; lastKnownFileType = sourcecode.c.c; path = hfs_compare.c; sourceTree = "<group>"; };
		B027B71C11EB89C10065201B /* hpet.c */ = {isa = PBXFileReference; fileEncoding = 4; lastKnownFileType = sourcecode.c.c; path = hpet.c; sourceTree = "<group>"; };
		B027B71D11EB89C10065201B /* hpet.h */ = {isa = PBXFileReference; fileEncoding = 4; lastKnownFileType = sourcecode.c.h; path = hpet.h; sourceTree = "<group>"; };
		B027B71E11EB89C10065201B /* io_inline.h */ = {isa = PBXFileReference; fileEncoding = 4; lastKnownFileType = sourcecode.c.h; path = io_inline.h; sourceTree = "<group>"; };
		B027B71F11EB89C10065201B /* libsaio.h */ = {isa = PBXFileReference; fileEncoding = 4; lastKnownFileType = sourcecode.c.h; path = libsaio.h; sourceTree = "<group>"; };
		B027B72011EB89C10065201B /* load.c */ = {isa = PBXFileReference; fileEncoding = 4; lastKnownFileType = sourcecode.c.c; path = load.c; sourceTree = "<group>"; };
		B027B72211EB89C10065201B /* md5c.c */ = {isa = PBXFileReference; fileEncoding = 4; lastKnownFileType = sourcecode.c.c; path = md5c.c; sourceTree = "<group>"; };
		B027B72311EB89C10065201B /* mem.c */ = {isa = PBXFileReference; fileEncoding = 4; lastKnownFileType = sourcecode.c.c; path = mem.c; sourceTree = "<group>"; };
		B027B72411EB89C10065201B /* mem.h */ = {isa = PBXFileReference; fileEncoding = 4; lastKnownFileType = sourcecode.c.h; path = mem.h; sourceTree = "<group>"; };
		B027B72511EB89C10065201B /* misc.c */ = {isa = PBXFileReference; fileEncoding = 4; lastKnownFileType = sourcecode.c.c; path = misc.c; sourceTree = "<group>"; };
		B027B72611EB89C10065201B /* msdos.c */ = {isa = PBXFileReference; fileEncoding = 4; lastKnownFileType = sourcecode.c.c; path = msdos.c; sourceTree = "<group>"; };
		B027B72711EB89C10065201B /* msdos.h */ = {isa = PBXFileReference; fileEncoding = 4; lastKnownFileType = sourcecode.c.h; path = msdos.h; sourceTree = "<group>"; };
		B027B72811EB89C10065201B /* msdos_private.h */ = {isa = PBXFileReference; fileEncoding = 4; lastKnownFileType = sourcecode.c.h; path = msdos_private.h; sourceTree = "<group>"; };
		B027B72911EB89C10065201B /* ntfs.c */ = {isa = PBXFileReference; fileEncoding = 4; lastKnownFileType = sourcecode.c.c; path = ntfs.c; sourceTree = "<group>"; };
		B027B72A11EB89C10065201B /* ntfs.h */ = {isa = PBXFileReference; fileEncoding = 4; lastKnownFileType = sourcecode.c.h; path = ntfs.h; sourceTree = "<group>"; };
		B027B72B11EB89C10065201B /* ntfs_private.h */ = {isa = PBXFileReference; fileEncoding = 4; lastKnownFileType = sourcecode.c.h; path = ntfs_private.h; sourceTree = "<group>"; };
		B027B72C11EB89C10065201B /* nvidia.c */ = {isa = PBXFileReference; fileEncoding = 4; lastKnownFileType = sourcecode.c.c; path = nvidia.c; sourceTree = "<group>"; };
		B027B72D11EB89C10065201B /* nvidia.h */ = {isa = PBXFileReference; fileEncoding = 4; lastKnownFileType = sourcecode.c.h; path = nvidia.h; sourceTree = "<group>"; };
		B027B72E11EB89C10065201B /* pci.c */ = {isa = PBXFileReference; fileEncoding = 4; lastKnownFileType = sourcecode.c.c; path = pci.c; sourceTree = "<group>"; };
		B027B72F11EB89C10065201B /* pci.h */ = {isa = PBXFileReference; fileEncoding = 4; lastKnownFileType = sourcecode.c.h; path = pci.h; sourceTree = "<group>"; };
		B027B73011EB89C10065201B /* pci_root.c */ = {isa = PBXFileReference; fileEncoding = 4; lastKnownFileType = sourcecode.c.c; path = pci_root.c; sourceTree = "<group>"; };
		B027B73111EB89C10065201B /* pci_root.h */ = {isa = PBXFileReference; fileEncoding = 4; lastKnownFileType = sourcecode.c.h; path = pci_root.h; sourceTree = "<group>"; };
		B027B73211EB89C10065201B /* pci_setup.c */ = {isa = PBXFileReference; fileEncoding = 4; lastKnownFileType = sourcecode.c.c; path = pci_setup.c; sourceTree = "<group>"; };
		B027B73311EB89C10065201B /* platform.c */ = {isa = PBXFileReference; fileEncoding = 4; lastKnownFileType = sourcecode.c.c; path = platform.c; sourceTree = "<group>"; };
		B027B73411EB89C10065201B /* platform.h */ = {isa = PBXFileReference; fileEncoding = 4; lastKnownFileType = sourcecode.c.h; path = platform.h; sourceTree = "<group>"; };
		B027B73511EB89C10065201B /* saio_internal.h */ = {isa = PBXFileReference; fileEncoding = 4; lastKnownFileType = sourcecode.c.h; path = saio_internal.h; sourceTree = "<group>"; };
		B027B73611EB89C10065201B /* saio_types.h */ = {isa = PBXFileReference; fileEncoding = 4; lastKnownFileType = sourcecode.c.h; path = saio_types.h; sourceTree = "<group>"; };
		B027B73711EB89C10065201B /* sl.h */ = {isa = PBXFileReference; fileEncoding = 4; lastKnownFileType = sourcecode.c.h; path = sl.h; sourceTree = "<group>"; };
		B027B73811EB89C10065201B /* SMBIOS.h */ = {isa = PBXFileReference; fileEncoding = 4; lastKnownFileType = sourcecode.c.h; path = SMBIOS.h; sourceTree = "<group>"; };
		B027B73911EB89C10065201B /* smbios_patcher.c */ = {isa = PBXFileReference; fileEncoding = 4; lastKnownFileType = sourcecode.c.c; path = smbios_patcher.c; sourceTree = "<group>"; };
		B027B73A11EB89C10065201B /* smbios_patcher.h */ = {isa = PBXFileReference; fileEncoding = 4; lastKnownFileType = sourcecode.c.h; path = smbios_patcher.h; sourceTree = "<group>"; };
		B027B73B11EB89C10065201B /* spd.c */ = {isa = PBXFileReference; fileEncoding = 4; lastKnownFileType = sourcecode.c.c; path = spd.c; sourceTree = "<group>"; };
		B027B73C11EB89C10065201B /* spd.h */ = {isa = PBXFileReference; fileEncoding = 4; lastKnownFileType = sourcecode.c.h; path = spd.h; sourceTree = "<group>"; };
		B027B73D11EB89C10065201B /* stringTable.c */ = {isa = PBXFileReference; fileEncoding = 4; lastKnownFileType = sourcecode.c.c; path = stringTable.c; sourceTree = "<group>"; };
		B027B73E11EB89C10065201B /* sys.c */ = {isa = PBXFileReference; fileEncoding = 4; lastKnownFileType = sourcecode.c.c; path = sys.c; sourceTree = "<group>"; };
		B027B73F11EB89C10065201B /* table.c */ = {isa = PBXFileReference; fileEncoding = 4; lastKnownFileType = sourcecode.c.c; path = table.c; sourceTree = "<group>"; };
		B027B74011EB89C10065201B /* ufs.c */ = {isa = PBXFileReference; fileEncoding = 4; lastKnownFileType = sourcecode.c.c; path = ufs.c; sourceTree = "<group>"; };
		B027B74111EB89C10065201B /* ufs.h */ = {isa = PBXFileReference; fileEncoding = 4; lastKnownFileType = sourcecode.c.h; path = ufs.h; sourceTree = "<group>"; };
		B027B74211EB89C10065201B /* ufs_byteorder.c */ = {isa = PBXFileReference; fileEncoding = 4; lastKnownFileType = sourcecode.c.c; path = ufs_byteorder.c; sourceTree = "<group>"; };
		B027B74311EB89C10065201B /* ufs_byteorder.h */ = {isa = PBXFileReference; fileEncoding = 4; lastKnownFileType = sourcecode.c.h; path = ufs_byteorder.h; sourceTree = "<group>"; };
		B027B74411EB89C10065201B /* usb.c */ = {isa = PBXFileReference; fileEncoding = 4; lastKnownFileType = sourcecode.c.c; path = usb.c; sourceTree = "<group>"; };
		B027B74511EB89C10065201B /* vbe.c */ = {isa = PBXFileReference; fileEncoding = 4; lastKnownFileType = sourcecode.c.c; path = vbe.c; sourceTree = "<group>"; };
		B027B74611EB89C10065201B /* vbe.h */ = {isa = PBXFileReference; fileEncoding = 4; lastKnownFileType = sourcecode.c.h; path = vbe.h; sourceTree = "<group>"; };
		B027B74711EB89C10065201B /* xml.c */ = {isa = PBXFileReference; fileEncoding = 4; lastKnownFileType = sourcecode.c.c; path = xml.c; sourceTree = "<group>"; };
		B027B74811EB89C10065201B /* xml.h */ = {isa = PBXFileReference; fileEncoding = 4; lastKnownFileType = sourcecode.c.h; path = xml.h; sourceTree = "<group>"; };
		B027B74D11EB89C10065201B /* machOconv.c */ = {isa = PBXFileReference; fileEncoding = 4; lastKnownFileType = sourcecode.c.c; path = machOconv.c; sourceTree = "<group>"; };
		B04B64DE11EF7812000F6091 /* boot */ = {isa = PBXFileReference; lastKnownFileType = text; path = boot; sourceTree = "<group>"; };
		B04B64DF11EF7812000F6091 /* boot.sys */ = {isa = PBXFileReference; lastKnownFileType = "compiled.mach-o.preload"; path = boot.sys; sourceTree = "<group>"; };
		B04B64E011EF7812000F6091 /* boot0 */ = {isa = PBXFileReference; lastKnownFileType = text; path = boot0; sourceTree = "<group>"; };
		B04B64E111EF7812000F6091 /* boot1f32 */ = {isa = PBXFileReference; lastKnownFileType = text; path = boot1f32; sourceTree = "<group>"; };
		B04B64E211EF7812000F6091 /* boot1h */ = {isa = PBXFileReference; lastKnownFileType = text; path = boot1h; sourceTree = "<group>"; };
		B04B64E311EF7812000F6091 /* boot1he */ = {isa = PBXFileReference; lastKnownFileType = text; path = boot1he; sourceTree = "<group>"; };
		B04B64E411EF7812000F6091 /* boot1hp */ = {isa = PBXFileReference; lastKnownFileType = text; path = boot1hp; sourceTree = "<group>"; };
		B04B64E511EF7812000F6091 /* cdboot */ = {isa = PBXFileReference; lastKnownFileType = text; path = cdboot; sourceTree = "<group>"; };
		B04B64E611EF7812000F6091 /* chain0 */ = {isa = PBXFileReference; lastKnownFileType = text; path = chain0; sourceTree = "<group>"; };
		B04B64E711EF7812000F6091 /* embedded.h */ = {isa = PBXFileReference; fileEncoding = 4; lastKnownFileType = sourcecode.c.h; path = embedded.h; sourceTree = "<group>"; };
		B04B64E811EF7812000F6091 /* libsa.a */ = {isa = PBXFileReference; lastKnownFileType = archive.ar; path = libsa.a; sourceTree = "<group>"; };
		B04B64E911EF7812000F6091 /* libsaio.a */ = {isa = PBXFileReference; lastKnownFileType = archive.ar; path = libsaio.a; sourceTree = "<group>"; };
		B04B64EA11EF7812000F6091 /* machOconv */ = {isa = PBXFileReference; lastKnownFileType = "compiled.mach-o.executable"; path = machOconv; sourceTree = "<group>"; };
		B04B64EB11EF7812000F6091 /* vers.h */ = {isa = PBXFileReference; fileEncoding = 4; lastKnownFileType = sourcecode.c.h; path = vers.h; sourceTree = "<group>"; };
/* End PBXFileReference section */

/* Begin PBXGroup section */
		08FB7794FE84155DC02AAC07 /* Chameleon */ = {
			isa = PBXGroup;
			children = (
				B04B64DD11EF7812000F6091 /* Boot Files */,
				B088CC9811EF8B0900950CBB /* Sources */,
			);
			name = Chameleon;
			sourceTree = "<group>";
		};
		B027B6BF11EB89C10065201B /* boot0 */ = {
			isa = PBXGroup;
			children = (
				B027B6C011EB89C10065201B /* boot0.s */,
				B027B6C111EB89C10065201B /* chain0.s */,
			);
			name = boot0;
			path = i386/boot0;
			sourceTree = "<group>";
		};
		B027B6C311EB89C10065201B /* boot1 */ = {
			isa = PBXGroup;
			children = (
				B027B6C411EB89C10065201B /* boot1.asm */,
				B027B6C511EB89C10065201B /* boot1.s */,
				B027B6C611EB89C10065201B /* boot1f32.s */,
				B027B6C711EB89C10065201B /* boot1he.s */,
				B027B6C811EB89C10065201B /* boot1hp.s */,
			);
			name = boot1;
			path = i386/boot1;
			sourceTree = "<group>";
		};
		B027B6CA11EB89C10065201B /* boot2 */ = {
			isa = PBXGroup;
			children = (
				B027B6CB11EB89C10065201B /* appleboot.h */,
				B027B6CC11EB89C10065201B /* appleClut8.h */,
				B027B6CD11EB89C10065201B /* bmdecompress.c */,
				B027B6CE11EB89C10065201B /* boot.c */,
				B027B6CF11EB89C10065201B /* boot.h */,
				B027B6D011EB89C10065201B /* boot2.s */,
				B027B6D111EB89C10065201B /* drivers.c */,
				B027B6D211EB89C10065201B /* graphic_utils.c */,
				B027B6D311EB89C10065201B /* graphic_utils.h */,
				B027B6D411EB89C10065201B /* graphics.c */,
				B027B6D511EB89C10065201B /* graphics.h */,
				B027B6D611EB89C10065201B /* gui.c */,
				B027B6D711EB89C10065201B /* gui.h */,
				B027B6D811EB89C10065201B /* IOHibernatePrivate.h */,
				B027B6D911EB89C10065201B /* lzss.c */,
				B027B6DB11EB89C10065201B /* mboot.c */,
				B027B6DC11EB89C10065201B /* mboot.h */,
				B027B6DD11EB89C10065201B /* multiboot.h */,
				B027B6DE11EB89C10065201B /* options.c */,
				B027B6DF11EB89C10065201B /* picopng.c */,
				B027B6E011EB89C10065201B /* picopng.h */,
				B027B6E111EB89C10065201B /* prompt.c */,
				B027B6E211EB89C10065201B /* ramdisk.c */,
				B027B6E311EB89C10065201B /* ramdisk.h */,
				B027B6E411EB89C10065201B /* resume.c */,
				B027B6E511EB89C10065201B /* WKdm.h */,
				B027B6E611EB89C10065201B /* WKdmDecompress.c */,
			);
			name = boot2;
			path = i386/boot2;
			sourceTree = "<group>";
		};
		B027B6E711EB89C10065201B /* cdboot */ = {
			isa = PBXGroup;
			children = (
				B027B6E811EB89C10065201B /* cdboot.s */,
				B027B6E911EB89C10065201B /* cdboothdd.s */,
			);
			name = cdboot;
			path = i386/cdboot;
			sourceTree = "<group>";
		};
		B027B6EB11EB89C10065201B /* doc */ = {
			isa = PBXGroup;
			children = (
				B027B6EC11EB89C10065201B /* Limits */,
				B027B6ED11EB89C10065201B /* README */,
			);
			name = doc;
			path = i386/doc;
			sourceTree = "<group>";
		};
		B027B6EE11EB89C10065201B /* libsa */ = {
			isa = PBXGroup;
			children = (
				B027B6EF11EB89C10065201B /* efi_tables.c */,
				B027B6F011EB89C10065201B /* efi_tables.h */,
				B027B6F111EB89C10065201B /* error.c */,
				B027B6F211EB89C10065201B /* libsa.h */,
				B027B6F411EB89C10065201B /* memory.h */,
				B027B6F511EB89C10065201B /* prf.c */,
				B027B6F611EB89C10065201B /* printf.c */,
				B027B6F711EB89C10065201B /* qsort.c */,
				B027B6F811EB89C10065201B /* setjmp.s */,
				B027B6F911EB89C10065201B /* string.c */,
				B027B6FA11EB89C10065201B /* strtol.c */,
				B027B6FB11EB89C10065201B /* zalloc.c */,
			);
			name = libsa;
			path = i386/libsa;
			sourceTree = "<group>";
		};
		B027B6FC11EB89C10065201B /* libsaio */ = {
			isa = PBXGroup;
			children = (
				B027B71011EB89C10065201B /* acpi_patcher.c */,
				B027B71111EB89C10065201B /* acpi_patcher.h */,
				B027B6FD11EB89C10065201B /* acpi.h */,
				B027B6FE11EB89C10065201B /* allocate.c */,
				B027B6FF11EB89C10065201B /* asm.s */,
				B027B70011EB89C10065201B /* ati.c */,
				B027B70111EB89C10065201B /* ati.h */,
				B027B70211EB89C10065201B /* bios.h */,
				B027B70311EB89C10065201B /* bios.s */,
				B027B70411EB89C10065201B /* biosfn.c */,
				B027B70511EB89C10065201B /* bootstruct.c */,
				B027B70611EB89C10065201B /* bootstruct.h */,
				B027B70711EB89C10065201B /* cache.c */,
				B027B70811EB89C10065201B /* console.c */,
				B027B70911EB89C10065201B /* cpu.c */,
				B027B70A11EB89C10065201B /* cpu.h */,
				B027B70B11EB89C10065201B /* device_inject.c */,
				B027B70C11EB89C10065201B /* device_inject.h */,
				B027B70D11EB89C10065201B /* device_tree.c */,
				B027B70E11EB89C10065201B /* device_tree.h */,
				B027B70F11EB89C10065201B /* disk.c */,
				B027B71211EB89C10065201B /* efi.h */,
				B027B71311EB89C10065201B /* ext2fs.c */,
				B027B71411EB89C10065201B /* ext2fs.h */,
				B027B71511EB89C10065201B /* fake_efi.c */,
				B027B71611EB89C10065201B /* fake_efi.h */,
				B027B71711EB89C10065201B /* fdisk.h */,
				B027B71811EB89C10065201B /* hfs.c */,
				B027B71911EB89C10065201B /* hfs.h */,
				B027B71A11EB89C10065201B /* hfs_CaseTables.h */,
				B027B71B11EB89C10065201B /* hfs_compare.c */,
				B027B71C11EB89C10065201B /* hpet.c */,
				B027B71D11EB89C10065201B /* hpet.h */,
				B027B71E11EB89C10065201B /* io_inline.h */,
				B027B71F11EB89C10065201B /* libsaio.h */,
				B027B72011EB89C10065201B /* load.c */,
				B027B72211EB89C10065201B /* md5c.c */,
				B027B72311EB89C10065201B /* mem.c */,
				B027B72411EB89C10065201B /* mem.h */,
				B027B72511EB89C10065201B /* misc.c */,
				B027B72611EB89C10065201B /* msdos.c */,
				B027B72711EB89C10065201B /* msdos.h */,
				B027B72811EB89C10065201B /* msdos_private.h */,
				B027B72911EB89C10065201B /* ntfs.c */,
				B027B72A11EB89C10065201B /* ntfs.h */,
				B027B72B11EB89C10065201B /* ntfs_private.h */,
				B027B72C11EB89C10065201B /* nvidia.c */,
				B027B72D11EB89C10065201B /* nvidia.h */,
				B027B72E11EB89C10065201B /* pci.c */,
				B027B72F11EB89C10065201B /* pci.h */,
				B027B73011EB89C10065201B /* pci_root.c */,
				B027B73111EB89C10065201B /* pci_root.h */,
				B027B73211EB89C10065201B /* pci_setup.c */,
				B027B73311EB89C10065201B /* platform.c */,
				B027B73411EB89C10065201B /* platform.h */,
				B027B73511EB89C10065201B /* saio_internal.h */,
				B027B73611EB89C10065201B /* saio_types.h */,
				B027B73711EB89C10065201B /* sl.h */,
				B027B73811EB89C10065201B /* SMBIOS.h */,
				B027B73911EB89C10065201B /* smbios_patcher.c */,
				B027B73A11EB89C10065201B /* smbios_patcher.h */,
				B027B73B11EB89C10065201B /* spd.c */,
				B027B73C11EB89C10065201B /* spd.h */,
				B027B73D11EB89C10065201B /* stringTable.c */,
				B027B73E11EB89C10065201B /* sys.c */,
				B027B73F11EB89C10065201B /* table.c */,
				B027B74011EB89C10065201B /* ufs.c */,
				B027B74111EB89C10065201B /* ufs.h */,
				B027B74211EB89C10065201B /* ufs_byteorder.c */,
				B027B74311EB89C10065201B /* ufs_byteorder.h */,
				B027B74411EB89C10065201B /* usb.c */,
				B027B74511EB89C10065201B /* vbe.c */,
				B027B74611EB89C10065201B /* vbe.h */,
				B027B74711EB89C10065201B /* xml.c */,
				B027B74811EB89C10065201B /* xml.h */,
			);
			name = libsaio;
			path = i386/libsaio;
			sourceTree = "<group>";
		};
		B027B74C11EB89C10065201B /* util */ = {
			isa = PBXGroup;
			children = (
				B027B74D11EB89C10065201B /* machOconv.c */,
			);
			name = util;
			path = i386/util;
			sourceTree = "<group>";
		};
		B04B64DD11EF7812000F6091 /* Boot Files */ = {
			isa = PBXGroup;
			children = (
				B04B64DE11EF7812000F6091 /* boot */,
				B04B64DF11EF7812000F6091 /* boot.sys */,
				B04B64E011EF7812000F6091 /* boot0 */,
				B04B64E111EF7812000F6091 /* boot1f32 */,
				B04B64E211EF7812000F6091 /* boot1h */,
				B04B64E311EF7812000F6091 /* boot1he */,
				B04B64E411EF7812000F6091 /* boot1hp */,
				B04B64E511EF7812000F6091 /* cdboot */,
				B04B64E611EF7812000F6091 /* chain0 */,
				B04B64E711EF7812000F6091 /* embedded.h */,
				B04B64E811EF7812000F6091 /* libsa.a */,
				B04B64E911EF7812000F6091 /* libsaio.a */,
				B04B64EA11EF7812000F6091 /* machOconv */,
				B04B64EB11EF7812000F6091 /* vers.h */,
			);
			name = "Boot Files";
			path = sym/i386;
			sourceTree = "<group>";
		};
		B088CC9811EF8B0900950CBB /* Sources */ = {
			isa = PBXGroup;
			children = (
				B027B6BF11EB89C10065201B /* boot0 */,
				B027B6C311EB89C10065201B /* boot1 */,
				B027B6CA11EB89C10065201B /* boot2 */,
				B027B6E711EB89C10065201B /* cdboot */,
				B027B6EB11EB89C10065201B /* doc */,
				B027B6EE11EB89C10065201B /* libsa */,
				B027B6FC11EB89C10065201B /* libsaio */,
				B027B74C11EB89C10065201B /* util */,
			);
			name = Sources;
			sourceTree = "<group>";
		};
/* End PBXGroup section */

/* Begin PBXLegacyTarget section */
		D28A88AD04BDD90700651E21 /* Chameleon */ = {
			isa = PBXLegacyTarget;
			buildArgumentsString = "$(ACTION)";
			buildConfigurationList = 1DEB918F08733D9F0010E9CD /* Build configuration list for PBXLegacyTarget "Chameleon" */;
			buildPhases = (
			);
			buildToolPath = /usr/bin/make;
			buildWorkingDirectory = "/Users/mozodojo/Documents/Chameleon/Chameleon-Mozodojo";
			dependencies = (
			);
			name = Chameleon;
			passBuildSettingsInEnvironment = 1;
			productName = Chameleon;
		};
/* End PBXLegacyTarget section */

/* Begin PBXProject section */
		08FB7793FE84155DC02AAC07 /* Project object */ = {
			isa = PBXProject;
			buildConfigurationList = 1DEB919308733D9F0010E9CD /* Build configuration list for PBXProject "Chameleon" */;
			compatibilityVersion = "Xcode 3.1";
			hasScannedForEncodings = 1;
			mainGroup = 08FB7794FE84155DC02AAC07 /* Chameleon */;
			projectDirPath = "";
			projectRoot = "";
			targets = (
				D28A88AD04BDD90700651E21 /* Chameleon */,
			);
		};
/* End PBXProject section */

/* Begin XCBuildConfiguration section */
		1DEB919008733D9F0010E9CD /* Debug */ = {
			isa = XCBuildConfiguration;
			buildSettings = {
				COPY_PHASE_STRIP = NO;
				DEBUGGING_SYMBOLS = YES;
				GCC_DYNAMIC_NO_PIC = NO;
				GCC_ENABLE_FIX_AND_CONTINUE = YES;
				GCC_GENERATE_DEBUGGING_SYMBOLS = YES;
				GCC_OPTIMIZATION_LEVEL = 0;
				OTHER_CFLAGS = "";
				OTHER_LDFLAGS = "";
				PRODUCT_NAME = Chameleon;
			};
			name = Debug;
		};
		1DEB919108733D9F0010E9CD /* Release */ = {
			isa = XCBuildConfiguration;
			buildSettings = {
				COPY_PHASE_STRIP = YES;
				GCC_ENABLE_FIX_AND_CONTINUE = NO;
				OTHER_CFLAGS = "";
				OTHER_LDFLAGS = "";
				PRODUCT_NAME = Chameleon;
			};
			name = Release;
		};
		1DEB919408733D9F0010E9CD /* Debug */ = {
			isa = XCBuildConfiguration;
			buildSettings = {
				ARCHS = "$(ARCHS_STANDARD_32_BIT)";
				GCC_WARN_ABOUT_RETURN_TYPE = YES;
				GCC_WARN_UNUSED_VARIABLE = YES;
				ONLY_ACTIVE_ARCH = YES;
				PREBINDING = NO;
				SDKROOT = macosx10.6;
			};
			name = Debug;
		};
		1DEB919508733D9F0010E9CD /* Release */ = {
			isa = XCBuildConfiguration;
			buildSettings = {
				ARCHS = "$(ARCHS_STANDARD_32_BIT)";
				GCC_WARN_ABOUT_RETURN_TYPE = YES;
				GCC_WARN_UNUSED_VARIABLE = YES;
				PREBINDING = NO;
				SDKROOT = macosx10.6;
			};
			name = Release;
		};
/* End XCBuildConfiguration section */

/* Begin XCConfigurationList section */
		1DEB918F08733D9F0010E9CD /* Build configuration list for PBXLegacyTarget "Chameleon" */ = {
			isa = XCConfigurationList;
			buildConfigurations = (
				1DEB919008733D9F0010E9CD /* Debug */,
				1DEB919108733D9F0010E9CD /* Release */,
			);
			defaultConfigurationIsVisible = 0;
			defaultConfigurationName = Release;
		};
		1DEB919308733D9F0010E9CD /* Build configuration list for PBXProject "Chameleon" */ = {
			isa = XCConfigurationList;
			buildConfigurations = (
				1DEB919408733D9F0010E9CD /* Debug */,
				1DEB919508733D9F0010E9CD /* Release */,
			);
			defaultConfigurationIsVisible = 0;
			defaultConfigurationName = Release;
		};
/* End XCConfigurationList section */
	};
	rootObject = 08FB7793FE84155DC02AAC07 /* Project object */;
}
