// !$*UTF8*$!
{
	archiveVersion = 1;
	classes = {
	};
	objectVersion = 45;
	objects = {

/* Begin PBXBuildFile section */
		32D94FC60562CBF700B6AF17 /* FakeSMCLPCMonitor.h in Headers */ = {isa = PBXBuildFile; fileRef = 1A224C3EFF42367911CA2CB7 /* FakeSMCLPCMonitor.h */; };
		32D94FC80562CBF700B6AF17 /* InfoPlist.strings in Resources */ = {isa = PBXBuildFile; fileRef = 089C167DFE841241C02AAC07 /* InfoPlist.strings */; };
		32D94FCA0562CBF700B6AF17 /* FakeSMCLPCMonitor.cpp in Sources */ = {isa = PBXBuildFile; fileRef = 1A224C3FFF42367911CA2CB7 /* FakeSMCLPCMonitor.cpp */; settings = {ATTRIBUTES = (); }; };
		AE17D8AC11B2D76700E3BEFD /* fakesmc.h in Headers */ = {isa = PBXBuildFile; fileRef = AE17D8AB11B2D76700E3BEFD /* fakesmc.h */; };
		AEAD029011B173120016B8F9 /* IT87x.h in Headers */ = {isa = PBXBuildFile; fileRef = AEAD028E11B173120016B8F9 /* IT87x.h */; };
		AEAD029111B173120016B8F9 /* IT87x.cpp in Sources */ = {isa = PBXBuildFile; fileRef = AEAD028F11B173120016B8F9 /* IT87x.cpp */; };
		AEAD02B711B176980016B8F9 /* SuperIO.h in Headers */ = {isa = PBXBuildFile; fileRef = AEAD02B511B176980016B8F9 /* SuperIO.h */; };
		AEAD02B811B176980016B8F9 /* SuperIO.cpp in Sources */ = {isa = PBXBuildFile; fileRef = AEAD02B611B176980016B8F9 /* SuperIO.cpp */; };
		AEAD041811B18D4B0016B8F9 /* Winbond.h in Headers */ = {isa = PBXBuildFile; fileRef = AEAD041611B18D4B0016B8F9 /* Winbond.h */; };
		AEAD041911B18D4B0016B8F9 /* Winbond.cpp in Sources */ = {isa = PBXBuildFile; fileRef = AEAD041711B18D4B0016B8F9 /* Winbond.cpp */; };
		AEEC326311B4414E0048ED14 /* Fintek.h in Headers */ = {isa = PBXBuildFile; fileRef = AEEC326111B4414E0048ED14 /* Fintek.h */; };
		AEEC326411B4414E0048ED14 /* Fintek.cpp in Sources */ = {isa = PBXBuildFile; fileRef = AEEC326211B4414E0048ED14 /* Fintek.cpp */; };
/* End PBXBuildFile section */

/* Begin PBXFileReference section */
		089C167EFE841241C02AAC07 /* English */ = {isa = PBXFileReference; fileEncoding = 4; lastKnownFileType = text.plist.strings; name = English; path = English.lproj/InfoPlist.strings; sourceTree = "<group>"; };
		1A224C3EFF42367911CA2CB7 /* FakeSMCLPCMonitor.h */ = {isa = PBXFileReference; fileEncoding = 4; lastKnownFileType = sourcecode.c.h; path = FakeSMCLPCMonitor.h; sourceTree = "<group>"; };
		1A224C3FFF42367911CA2CB7 /* FakeSMCLPCMonitor.cpp */ = {isa = PBXFileReference; fileEncoding = 4; lastKnownFileType = sourcecode.cpp.cpp; path = FakeSMCLPCMonitor.cpp; sourceTree = "<group>"; };
		32D94FCF0562CBF700B6AF17 /* Info.plist */ = {isa = PBXFileReference; lastKnownFileType = text.plist.xml; path = Info.plist; sourceTree = "<group>"; };
		32D94FD00562CBF700B6AF17 /* FakeSMCLPCMonitor.kext */ = {isa = PBXFileReference; explicitFileType = wrapper.cfbundle; includeInIndex = 0; path = FakeSMCLPCMonitor.kext; sourceTree = BUILT_PRODUCTS_DIR; };
		8DA8362C06AD9B9200E5AC22 /* Kernel.framework */ = {isa = PBXFileReference; lastKnownFileType = wrapper.framework; name = Kernel.framework; path = /System/Library/Frameworks/Kernel.framework; sourceTree = "<absolute>"; };
		AE17D8AB11B2D76700E3BEFD /* fakesmc.h */ = {isa = PBXFileReference; fileEncoding = 4; lastKnownFileType = sourcecode.c.h; path = fakesmc.h; sourceTree = "<group>"; };
		AEAD028E11B173120016B8F9 /* IT87x.h */ = {isa = PBXFileReference; fileEncoding = 4; lastKnownFileType = sourcecode.c.h; path = IT87x.h; sourceTree = "<group>"; };
		AEAD028F11B173120016B8F9 /* IT87x.cpp */ = {isa = PBXFileReference; fileEncoding = 4; lastKnownFileType = sourcecode.cpp.cpp; path = IT87x.cpp; sourceTree = "<group>"; };
		AEAD02B511B176980016B8F9 /* SuperIO.h */ = {isa = PBXFileReference; fileEncoding = 4; lastKnownFileType = sourcecode.c.h; path = SuperIO.h; sourceTree = "<group>"; };
		AEAD02B611B176980016B8F9 /* SuperIO.cpp */ = {isa = PBXFileReference; fileEncoding = 4; lastKnownFileType = sourcecode.cpp.cpp; path = SuperIO.cpp; sourceTree = "<group>"; };
		AEAD041611B18D4B0016B8F9 /* Winbond.h */ = {isa = PBXFileReference; fileEncoding = 4; lastKnownFileType = sourcecode.c.h; path = Winbond.h; sourceTree = "<group>"; };
		AEAD041711B18D4B0016B8F9 /* Winbond.cpp */ = {isa = PBXFileReference; fileEncoding = 4; lastKnownFileType = sourcecode.cpp.cpp; path = Winbond.cpp; sourceTree = "<group>"; };
		AEEC326111B4414E0048ED14 /* Fintek.h */ = {isa = PBXFileReference; fileEncoding = 4; lastKnownFileType = sourcecode.c.h; path = Fintek.h; sourceTree = "<group>"; };
		AEEC326211B4414E0048ED14 /* Fintek.cpp */ = {isa = PBXFileReference; fileEncoding = 4; lastKnownFileType = sourcecode.cpp.cpp; path = Fintek.cpp; sourceTree = "<group>"; };
/* End PBXFileReference section */

/* Begin PBXFrameworksBuildPhase section */
		32D94FCB0562CBF700B6AF17 /* Frameworks */ = {
			isa = PBXFrameworksBuildPhase;
			buildActionMask = 2147483647;
			files = (
			);
			runOnlyForDeploymentPostprocessing = 0;
		};
/* End PBXFrameworksBuildPhase section */

/* Begin PBXGroup section */
		089C166AFE841209C02AAC07 /* PaztalomKawaiIntelCPUThermal */ = {
			isa = PBXGroup;
			children = (
				247142CAFF3F8F9811CA285C /* Source */,
				8DA8362C06AD9B9200E5AC22 /* Kernel.framework */,
				089C167CFE841241C02AAC07 /* Resources */,
				19C28FB6FE9D52B211CA2CBB /* Products */,
			);
			name = PaztalomKawaiIntelCPUThermal;
			sourceTree = "<group>";
		};
		089C167CFE841241C02AAC07 /* Resources */ = {
			isa = PBXGroup;
			children = (
				32D94FCF0562CBF700B6AF17 /* Info.plist */,
				089C167DFE841241C02AAC07 /* InfoPlist.strings */,
			);
			name = Resources;
			sourceTree = "<group>";
		};
		19C28FB6FE9D52B211CA2CBB /* Products */ = {
			isa = PBXGroup;
			children = (
				32D94FD00562CBF700B6AF17 /* FakeSMCLPCMonitor.kext */,
			);
			name = Products;
			sourceTree = "<group>";
		};
		247142CAFF3F8F9811CA285C /* Source */ = {
			isa = PBXGroup;
			children = (
				AE17D8AB11B2D76700E3BEFD /* fakesmc.h */,
				AEAD02B511B176980016B8F9 /* SuperIO.h */,
				AEAD02B611B176980016B8F9 /* SuperIO.cpp */,
				AEAD028E11B173120016B8F9 /* IT87x.h */,
				AEAD028F11B173120016B8F9 /* IT87x.cpp */,
				AEAD041611B18D4B0016B8F9 /* Winbond.h */,
				AEAD041711B18D4B0016B8F9 /* Winbond.cpp */,
				AEEC326111B4414E0048ED14 /* Fintek.h */,
				AEEC326211B4414E0048ED14 /* Fintek.cpp */,
				1A224C3EFF42367911CA2CB7 /* FakeSMCLPCMonitor.h */,
				1A224C3FFF42367911CA2CB7 /* FakeSMCLPCMonitor.cpp */,
			);
			name = Source;
			sourceTree = "<group>";
		};
/* End PBXGroup section */

/* Begin PBXHeadersBuildPhase section */
		32D94FC50562CBF700B6AF17 /* Headers */ = {
			isa = PBXHeadersBuildPhase;
			buildActionMask = 2147483647;
			files = (
				32D94FC60562CBF700B6AF17 /* FakeSMCLPCMonitor.h in Headers */,
				AEAD029011B173120016B8F9 /* IT87x.h in Headers */,
				AEAD02B711B176980016B8F9 /* SuperIO.h in Headers */,
				AEAD041811B18D4B0016B8F9 /* Winbond.h in Headers */,
				AE17D8AC11B2D76700E3BEFD /* fakesmc.h in Headers */,
				AEEC326311B4414E0048ED14 /* Fintek.h in Headers */,
			);
			runOnlyForDeploymentPostprocessing = 0;
		};
/* End PBXHeadersBuildPhase section */

/* Begin PBXNativeTarget section */
		32D94FC30562CBF700B6AF17 /* FakeSMCLPCMonitor */ = {
			isa = PBXNativeTarget;
			buildConfigurationList = 1DEB91D908733DB10010E9CD /* Build configuration list for PBXNativeTarget "FakeSMCLPCMonitor" */;
			buildPhases = (
				32D94FC50562CBF700B6AF17 /* Headers */,
				32D94FC70562CBF700B6AF17 /* Resources */,
				32D94FC90562CBF700B6AF17 /* Sources */,
				32D94FCB0562CBF700B6AF17 /* Frameworks */,
				32D94FCC0562CBF700B6AF17 /* Rez */,
			);
			buildRules = (
			);
			dependencies = (
			);
			name = FakeSMCLPCMonitor;
			productInstallPath = "$(SYSTEM_LIBRARY_DIR)/Extensions";
			productName = PaztalomKawaiIntelCPUThermal;
			productReference = 32D94FD00562CBF700B6AF17 /* FakeSMCLPCMonitor.kext */;
			productType = "com.apple.product-type.kernel-extension.iokit";
		};
/* End PBXNativeTarget section */

/* Begin PBXProject section */
		089C1669FE841209C02AAC07 /* Project object */ = {
			isa = PBXProject;
			attributes = {
				ORGANIZATIONNAME = mozodojo;
			};
			buildConfigurationList = 1DEB91DD08733DB10010E9CD /* Build configuration list for PBXProject "FakeSMCLPCMonitor" */;
			compatibilityVersion = "Xcode 3.1";
			hasScannedForEncodings = 1;
			mainGroup = 089C166AFE841209C02AAC07 /* PaztalomKawaiIntelCPUThermal */;
			projectDirPath = "";
			projectRoot = "";
			targets = (
				32D94FC30562CBF700B6AF17 /* FakeSMCLPCMonitor */,
			);
		};
/* End PBXProject section */

/* Begin PBXResourcesBuildPhase section */
		32D94FC70562CBF700B6AF17 /* Resources */ = {
			isa = PBXResourcesBuildPhase;
			buildActionMask = 2147483647;
			files = (
				32D94FC80562CBF700B6AF17 /* InfoPlist.strings in Resources */,
			);
			runOnlyForDeploymentPostprocessing = 0;
		};
/* End PBXResourcesBuildPhase section */

/* Begin PBXRezBuildPhase section */
		32D94FCC0562CBF700B6AF17 /* Rez */ = {
			isa = PBXRezBuildPhase;
			buildActionMask = 2147483647;
			files = (
			);
			runOnlyForDeploymentPostprocessing = 0;
		};
/* End PBXRezBuildPhase section */

/* Begin PBXSourcesBuildPhase section */
		32D94FC90562CBF700B6AF17 /* Sources */ = {
			isa = PBXSourcesBuildPhase;
			buildActionMask = 2147483647;
			files = (
				32D94FCA0562CBF700B6AF17 /* FakeSMCLPCMonitor.cpp in Sources */,
				AEAD029111B173120016B8F9 /* IT87x.cpp in Sources */,
				AEAD02B811B176980016B8F9 /* SuperIO.cpp in Sources */,
				AEAD041911B18D4B0016B8F9 /* Winbond.cpp in Sources */,
				AEEC326411B4414E0048ED14 /* Fintek.cpp in Sources */,
			);
			runOnlyForDeploymentPostprocessing = 0;
		};
/* End PBXSourcesBuildPhase section */

/* Begin PBXVariantGroup section */
		089C167DFE841241C02AAC07 /* InfoPlist.strings */ = {
			isa = PBXVariantGroup;
			children = (
				089C167EFE841241C02AAC07 /* English */,
			);
			name = InfoPlist.strings;
			sourceTree = "<group>";
		};
/* End PBXVariantGroup section */

/* Begin XCBuildConfiguration section */
		12C40D6C11B0945C007B34BA /* Release Leo */ = {
			isa = XCBuildConfiguration;
			buildSettings = {
				ARCHS = (
					i386,
					x86_64,
				);
				GCC_VERSION = com.apple.compilers.llvmgcc42;
				GCC_WARN_UNUSED_FUNCTION = YES;
				GCC_WARN_UNUSED_PARAMETER = YES;
				GCC_WARN_UNUSED_VALUE = YES;
				GCC_WARN_UNUSED_VARIABLE = YES;
				MODULE_NAME = FakeSMCLPCMonitor;
				ONLY_ACTIVE_ARCH = YES;
				SDKROOT = macosx10.5;
				VALID_ARCHS = "i386 x86_64";
				VERSIONING_SYSTEM = "";
				VERSION_INFO_BUILDER = mozo;
			};
			name = "Release Leo";
		};
		12C40D6D11B0945C007B34BA /* Release Leo */ = {
			isa = XCBuildConfiguration;
			buildSettings = {
				ALWAYS_SEARCH_USER_PATHS = NO;
				CURRENT_PROJECT_VERSION = 1.0.0d1;
				DEBUG_INFORMATION_FORMAT = "dwarf-with-dsym";
				GCC_MODEL_TUNING = G5;
				INFOPLIST_FILE = Info.plist;
				INSTALL_PATH = "$(SYSTEM_LIBRARY_DIR)/Extensions";
				MODULE_NAME = com.yourcompany.driver.PaztalomKawaiIntelCPUThermal;
				MODULE_VERSION = 1.0.0d1;
				PRODUCT_NAME = FakeSMCLPCMonitor;
				WRAPPER_EXTENSION = kext;
			};
			name = "Release Leo";
		};
		1DEB91DA08733DB10010E9CD /* Debug */ = {
			isa = XCBuildConfiguration;
			buildSettings = {
				ALWAYS_SEARCH_USER_PATHS = NO;
				COPY_PHASE_STRIP = NO;
				CURRENT_PROJECT_VERSION = 1.0.0d1;
				DEBUG_INFORMATION_FORMAT = "dwarf-with-dsym";
				GCC_DYNAMIC_NO_PIC = NO;
				GCC_MODEL_TUNING = G5;
				GCC_OPTIMIZATION_LEVEL = 0;
				INFOPLIST_FILE = Info.plist;
				INSTALL_PATH = "$(SYSTEM_LIBRARY_DIR)/Extensions";
				MODULE_NAME = com.yourcompany.driver.PaztalomKawaiIntelCPUThermal;
				MODULE_VERSION = 1.0.0d1;
				PRODUCT_NAME = FakeSMCLPCMonitor;
				WRAPPER_EXTENSION = kext;
			};
			name = Debug;
		};
		1DEB91DB08733DB10010E9CD /* Release */ = {
			isa = XCBuildConfiguration;
			buildSettings = {
				ALWAYS_SEARCH_USER_PATHS = NO;
				CURRENT_PROJECT_VERSION = 1.0.0d1;
				DEBUG_INFORMATION_FORMAT = "dwarf-with-dsym";
				GCC_MODEL_TUNING = G5;
				INFOPLIST_FILE = Info.plist;
				INSTALL_PATH = "$(SYSTEM_LIBRARY_DIR)/Extensions";
				MODULE_NAME = com.yourcompany.driver.PaztalomKawaiIntelCPUThermal;
				MODULE_VERSION = 1.0.0d1;
				PRODUCT_NAME = FakeSMCLPCMonitor;
				WRAPPER_EXTENSION = kext;
			};
			name = Release;
		};
		1DEB91DE08733DB10010E9CD /* Debug */ = {
			isa = XCBuildConfiguration;
			buildSettings = {
				ARCHS = (
					i386,
					x86_64,
				);
				CURRENT_PROJECT_VERSION = 1.1;
				GCC_AUTO_VECTORIZATION = YES;
				GCC_C_LANGUAGE_STANDARD = gnu99;
				GCC_GENERATE_DEBUGGING_SYMBOLS = NO;
				GCC_MODEL_TUNING = "";
				GCC_OPTIMIZATION_LEVEL = s;
				GCC_WARN_ABOUT_RETURN_TYPE = YES;
				GCC_WARN_UNUSED_VARIABLE = YES;
				MODULE_NAME = FakeSMCLPCMonitor;
				MODULE_VERSION = 1.1;
				ONLY_ACTIVE_ARCH = YES;
				PREBINDING = NO;
				SDKROOT = macosx10.6;
				VALID_ARCHS = "i386 x86_64";
				VERSION_INFO_BUILDER = mozo;
			};
			name = Debug;
		};
		1DEB91DF08733DB10010E9CD /* Release */ = {
			isa = XCBuildConfiguration;
			buildSettings = {
				ARCHS = (
					i386,
					x86_64,
				);
				GCC_AUTO_VECTORIZATION = YES;
				GCC_C_LANGUAGE_STANDARD = gnu99;
				GCC_GENERATE_DEBUGGING_SYMBOLS = NO;
				GCC_MODEL_TUNING = "";
				GCC_OPTIMIZATION_LEVEL = s;
				GCC_WARN_ABOUT_RETURN_TYPE = YES;
				GCC_WARN_UNUSED_FUNCTION = YES;
				GCC_WARN_UNUSED_PARAMETER = YES;
				GCC_WARN_UNUSED_VALUE = YES;
				GCC_WARN_UNUSED_VARIABLE = YES;
				MODULE_NAME = FakeSMCLPCMonitor;
				PREBINDING = NO;
				SDKROOT = macosx10.6;
				VALID_ARCHS = "i386 x86_64";
				VERSIONING_SYSTEM = "";
				VERSION_INFO_BUILDER = mozo;
			};
			name = Release;
		};
/* End XCBuildConfiguration section */

/* Begin XCConfigurationList section */
		1DEB91D908733DB10010E9CD /* Build configuration list for PBXNativeTarget "FakeSMCLPCMonitor" */ = {
			isa = XCConfigurationList;
			buildConfigurations = (
				1DEB91DA08733DB10010E9CD /* Debug */,
				1DEB91DB08733DB10010E9CD /* Release */,
				12C40D6D11B0945C007B34BA /* Release Leo */,
			);
			defaultConfigurationIsVisible = 0;
			defaultConfigurationName = Release;
		};
		1DEB91DD08733DB10010E9CD /* Build configuration list for PBXProject "FakeSMCLPCMonitor" */ = {
			isa = XCConfigurationList;
			buildConfigurations = (
				1DEB91DE08733DB10010E9CD /* Debug */,
				1DEB91DF08733DB10010E9CD /* Release */,
				12C40D6C11B0945C007B34BA /* Release Leo */,
			);
			defaultConfigurationIsVisible = 0;
			defaultConfigurationName = Release;
		};
/* End XCConfigurationList section */
	};
	rootObject = 089C1669FE841209C02AAC07 /* Project object */;
}
