// !$*UTF8*$!
{
	archiveVersion = 1;
	classes = {
	};
	objectVersion = 45;
	objects = {

/* Begin PBXBuildFile section */
		122C52E811FC7800008089A2 /* NSCsensor.h in Headers */ = {isa = PBXBuildFile; fileRef = 122C52E611FC7800008089A2 /* NSCsensor.h */; };
		12D8F24B11EB5370006CA1C0 /* NSC.cpp in Sources */ = {isa = PBXBuildFile; fileRef = 12D8F24711EB5370006CA1C0 /* NSC.cpp */; };
		12D8F24C11EB5370006CA1C0 /* NSC.h in Headers */ = {isa = PBXBuildFile; fileRef = 12D8F24811EB5370006CA1C0 /* NSC.h */; };
		32D94FC60562CBF700B6AF17 /* FakeSMCSuperIOMonitor.h in Headers */ = {isa = PBXBuildFile; fileRef = 1A224C3EFF42367911CA2CB7 /* FakeSMCSuperIOMonitor.h */; };
		32D94FC80562CBF700B6AF17 /* InfoPlist.strings in Resources */ = {isa = PBXBuildFile; fileRef = 089C167DFE841241C02AAC07 /* InfoPlist.strings */; };
		32D94FCA0562CBF700B6AF17 /* FakeSMCSuperIOMonitor.cpp in Sources */ = {isa = PBXBuildFile; fileRef = 1A224C3FFF42367911CA2CB7 /* FakeSMCSuperIOMonitor.cpp */; settings = {ATTRIBUTES = (); }; };
		AE0D5B4911C80E39000C2425 /* FintekSensors.h in Headers */ = {isa = PBXBuildFile; fileRef = AE0D5B4711C80E39000C2425 /* FintekSensors.h */; };
		AE8EEE7411E65C7B00A476CF /* Sensor.h in Headers */ = {isa = PBXBuildFile; fileRef = AE8EEE7311E65C7B00A476CF /* Sensor.h */; };
		AE8EEE7611E65C8500A476CF /* Controller.h in Headers */ = {isa = PBXBuildFile; fileRef = AE8EEE7511E65C8500A476CF /* Controller.h */; };
		AEA7559411CFCF0700299353 /* cpuid.h in Headers */ = {isa = PBXBuildFile; fileRef = AEA7559311CFCF0700299353 /* cpuid.h */; };
		AEA932C611D11A2E008FB8FC /* SMSC.h in Headers */ = {isa = PBXBuildFile; fileRef = AEA932C411D11A2E008FB8FC /* SMSC.h */; };
		AEA932C711D11A2E008FB8FC /* SMSC.cpp in Sources */ = {isa = PBXBuildFile; fileRef = AEA932C511D11A2E008FB8FC /* SMSC.cpp */; };
		AEAD029011B173120016B8F9 /* ITE.h in Headers */ = {isa = PBXBuildFile; fileRef = AEAD028E11B173120016B8F9 /* ITE.h */; };
		AEAD029111B173120016B8F9 /* ITE.cpp in Sources */ = {isa = PBXBuildFile; fileRef = AEAD028F11B173120016B8F9 /* ITE.cpp */; };
		AEAD02B711B176980016B8F9 /* SuperIO.h in Headers */ = {isa = PBXBuildFile; fileRef = AEAD02B511B176980016B8F9 /* SuperIO.h */; };
		AEAD02B811B176980016B8F9 /* SuperIO.cpp in Sources */ = {isa = PBXBuildFile; fileRef = AEAD02B611B176980016B8F9 /* SuperIO.cpp */; };
		AEAD041811B18D4B0016B8F9 /* Winbond.h in Headers */ = {isa = PBXBuildFile; fileRef = AEAD041611B18D4B0016B8F9 /* Winbond.h */; };
		AEAD041911B18D4B0016B8F9 /* Winbond.cpp in Sources */ = {isa = PBXBuildFile; fileRef = AEAD041711B18D4B0016B8F9 /* Winbond.cpp */; };
		AEDC09FF11C8028700912FC5 /* ITESensors.h in Headers */ = {isa = PBXBuildFile; fileRef = AEDC09FD11C8028700912FC5 /* ITESensors.h */; };
		AEDC0A0711C8030700912FC5 /* WinbondSensors.h in Headers */ = {isa = PBXBuildFile; fileRef = AEDC0A0511C8030700912FC5 /* WinbondSensors.h */; };
		AEDC0F8311C2503D00A44427 /* FakeSMC.h in Headers */ = {isa = PBXBuildFile; fileRef = AEDC0F8211C2503D00A44427 /* FakeSMC.h */; };
		AEE428DF11D672E00012DECD /* ITEFanController.h in Headers */ = {isa = PBXBuildFile; fileRef = AEE428DD11D672E00012DECD /* ITEFanController.h */; };
		AEEC326311B4414E0048ED14 /* Fintek.h in Headers */ = {isa = PBXBuildFile; fileRef = AEEC326111B4414E0048ED14 /* Fintek.h */; };
		AEEC326411B4414E0048ED14 /* Fintek.cpp in Sources */ = {isa = PBXBuildFile; fileRef = AEEC326211B4414E0048ED14 /* Fintek.cpp */; };
		AEF4121811D7B06C005D8ABF /* WinbondFanController.h in Headers */ = {isa = PBXBuildFile; fileRef = AEF4121611D7B06C005D8ABF /* WinbondFanController.h */; };
		AEF4124711D7B554005D8ABF /* FanController.h in Headers */ = {isa = PBXBuildFile; fileRef = AEF4124511D7B554005D8ABF /* FanController.h */; };
		AEF4124811D7B554005D8ABF /* FanController.cpp in Sources */ = {isa = PBXBuildFile; fileRef = AEF4124611D7B554005D8ABF /* FanController.cpp */; };
/* End PBXBuildFile section */

/* Begin PBXFileReference section */
		089C167EFE841241C02AAC07 /* English */ = {isa = PBXFileReference; fileEncoding = 4; lastKnownFileType = text.plist.strings; name = English; path = English.lproj/InfoPlist.strings; sourceTree = "<group>"; };
		122C52E611FC7800008089A2 /* NSCsensor.h */ = {isa = PBXFileReference; fileEncoding = 4; lastKnownFileType = sourcecode.c.h; path = NSCsensor.h; sourceTree = "<group>"; };
		12D8F24711EB5370006CA1C0 /* NSC.cpp */ = {isa = PBXFileReference; fileEncoding = 4; lastKnownFileType = sourcecode.cpp.cpp; path = NSC.cpp; sourceTree = "<group>"; };
		12D8F24811EB5370006CA1C0 /* NSC.h */ = {isa = PBXFileReference; fileEncoding = 4; lastKnownFileType = sourcecode.c.h; path = NSC.h; sourceTree = "<group>"; };
		1A224C3EFF42367911CA2CB7 /* FakeSMCSuperIOMonitor.h */ = {isa = PBXFileReference; fileEncoding = 4; lastKnownFileType = sourcecode.c.h; path = FakeSMCSuperIOMonitor.h; sourceTree = "<group>"; };
		1A224C3FFF42367911CA2CB7 /* FakeSMCSuperIOMonitor.cpp */ = {isa = PBXFileReference; fileEncoding = 4; lastKnownFileType = sourcecode.cpp.cpp; path = FakeSMCSuperIOMonitor.cpp; sourceTree = "<group>"; };
		32D94FCF0562CBF700B6AF17 /* Info.plist */ = {isa = PBXFileReference; lastKnownFileType = text.plist.xml; path = Info.plist; sourceTree = "<group>"; };
		32D94FD00562CBF700B6AF17 /* FakeSMCSuperIO.kext */ = {isa = PBXFileReference; explicitFileType = wrapper.cfbundle; includeInIndex = 0; path = FakeSMCSuperIO.kext; sourceTree = BUILT_PRODUCTS_DIR; };
		8DA8362C06AD9B9200E5AC22 /* Kernel.framework */ = {isa = PBXFileReference; lastKnownFileType = wrapper.framework; name = Kernel.framework; path = /System/Library/Frameworks/Kernel.framework; sourceTree = "<absolute>"; };
		AE0D5B4711C80E39000C2425 /* FintekSensors.h */ = {isa = PBXFileReference; fileEncoding = 4; lastKnownFileType = sourcecode.c.h; path = FintekSensors.h; sourceTree = "<group>"; };
		AE8EEE7311E65C7B00A476CF /* Sensor.h */ = {isa = PBXFileReference; fileEncoding = 4; lastKnownFileType = sourcecode.c.h; path = Sensor.h; sourceTree = "<group>"; };
		AE8EEE7511E65C8500A476CF /* Controller.h */ = {isa = PBXFileReference; fileEncoding = 4; lastKnownFileType = sourcecode.c.h; path = Controller.h; sourceTree = "<group>"; };
		AEA7559311CFCF0700299353 /* cpuid.h */ = {isa = PBXFileReference; fileEncoding = 4; lastKnownFileType = sourcecode.c.h; path = cpuid.h; sourceTree = "<group>"; };
		AEA932C411D11A2E008FB8FC /* SMSC.h */ = {isa = PBXFileReference; fileEncoding = 4; lastKnownFileType = sourcecode.c.h; path = SMSC.h; sourceTree = "<group>"; };
		AEA932C511D11A2E008FB8FC /* SMSC.cpp */ = {isa = PBXFileReference; fileEncoding = 4; lastKnownFileType = sourcecode.cpp.cpp; path = SMSC.cpp; sourceTree = "<group>"; };
		AEAD028E11B173120016B8F9 /* ITE.h */ = {isa = PBXFileReference; fileEncoding = 4; lastKnownFileType = sourcecode.c.h; path = ITE.h; sourceTree = "<group>"; };
		AEAD028F11B173120016B8F9 /* ITE.cpp */ = {isa = PBXFileReference; fileEncoding = 4; lastKnownFileType = sourcecode.cpp.cpp; path = ITE.cpp; sourceTree = "<group>"; };
		AEAD02B511B176980016B8F9 /* SuperIO.h */ = {isa = PBXFileReference; fileEncoding = 4; lastKnownFileType = sourcecode.c.h; path = SuperIO.h; sourceTree = "<group>"; };
		AEAD02B611B176980016B8F9 /* SuperIO.cpp */ = {isa = PBXFileReference; fileEncoding = 4; lastKnownFileType = sourcecode.cpp.cpp; path = SuperIO.cpp; sourceTree = "<group>"; };
		AEAD041611B18D4B0016B8F9 /* Winbond.h */ = {isa = PBXFileReference; fileEncoding = 4; lastKnownFileType = sourcecode.c.h; path = Winbond.h; sourceTree = "<group>"; };
		AEAD041711B18D4B0016B8F9 /* Winbond.cpp */ = {isa = PBXFileReference; fileEncoding = 4; lastKnownFileType = sourcecode.cpp.cpp; path = Winbond.cpp; sourceTree = "<group>"; };
		AEDC09FD11C8028700912FC5 /* ITESensors.h */ = {isa = PBXFileReference; fileEncoding = 4; lastKnownFileType = sourcecode.c.h; path = ITESensors.h; sourceTree = "<group>"; };
		AEDC0A0511C8030700912FC5 /* WinbondSensors.h */ = {isa = PBXFileReference; fileEncoding = 4; lastKnownFileType = sourcecode.c.h; path = WinbondSensors.h; sourceTree = "<group>"; };
		AEDC0F8211C2503D00A44427 /* FakeSMC.h */ = {isa = PBXFileReference; fileEncoding = 4; lastKnownFileType = sourcecode.c.h; path = FakeSMC.h; sourceTree = "<group>"; };
		AEE428DD11D672E00012DECD /* ITEFanController.h */ = {isa = PBXFileReference; fileEncoding = 4; lastKnownFileType = sourcecode.c.h; path = ITEFanController.h; sourceTree = "<group>"; };
		AEEC326111B4414E0048ED14 /* Fintek.h */ = {isa = PBXFileReference; fileEncoding = 4; lastKnownFileType = sourcecode.c.h; path = Fintek.h; sourceTree = "<group>"; };
		AEEC326211B4414E0048ED14 /* Fintek.cpp */ = {isa = PBXFileReference; fileEncoding = 4; lastKnownFileType = sourcecode.cpp.cpp; path = Fintek.cpp; sourceTree = "<group>"; };
		AEF4121611D7B06C005D8ABF /* WinbondFanController.h */ = {isa = PBXFileReference; fileEncoding = 4; lastKnownFileType = sourcecode.c.h; path = WinbondFanController.h; sourceTree = "<group>"; };
		AEF4124511D7B554005D8ABF /* FanController.h */ = {isa = PBXFileReference; fileEncoding = 4; lastKnownFileType = sourcecode.c.h; path = FanController.h; sourceTree = "<group>"; };
		AEF4124611D7B554005D8ABF /* FanController.cpp */ = {isa = PBXFileReference; fileEncoding = 4; lastKnownFileType = sourcecode.cpp.cpp; path = FanController.cpp; sourceTree = "<group>"; };
/* End PBXFileReference section */

/* Begin PBXFrameworksBuildPhase section */
		32D94FCB0562CBF700B6AF17 /* Frameworks */ = {
			isa = PBXFrameworksBuildPhase;
			buildActionMask = 2147483647;
			files = (
			);
			runOnlyForDeploymentPostprocessing = 0;
		};
/* End PBXFrameworksBuildPhase section */

/* Begin PBXGroup section */
		089C166AFE841209C02AAC07 /* PaztalomKawaiIntelCPUThermal */ = {
			isa = PBXGroup;
			children = (
				8DA8362C06AD9B9200E5AC22 /* Kernel.framework */,
				247142CAFF3F8F9811CA285C /* Source */,
				089C167CFE841241C02AAC07 /* Resources */,
				19C28FB6FE9D52B211CA2CBB /* Products */,
			);
			name = PaztalomKawaiIntelCPUThermal;
			sourceTree = "<group>";
		};
		089C167CFE841241C02AAC07 /* Resources */ = {
			isa = PBXGroup;
			children = (
				32D94FCF0562CBF700B6AF17 /* Info.plist */,
				089C167DFE841241C02AAC07 /* InfoPlist.strings */,
			);
			name = Resources;
			sourceTree = "<group>";
		};
		12D8F24111EB535A006CA1C0 /* NSC */ = {
			isa = PBXGroup;
			children = (
				122C52E611FC7800008089A2 /* NSCsensor.h */,
				12D8F24811EB5370006CA1C0 /* NSC.h */,
				12D8F24711EB5370006CA1C0 /* NSC.cpp */,
			);
			name = NSC;
			sourceTree = "<group>";
		};
		19C28FB6FE9D52B211CA2CBB /* Products */ = {
			isa = PBXGroup;
			children = (
				32D94FD00562CBF700B6AF17 /* FakeSMCSuperIO.kext */,
			);
			name = Products;
			sourceTree = "<group>";
		};
		247142CAFF3F8F9811CA285C /* Source */ = {
			isa = PBXGroup;
			children = (
				AEE9D0A211D3FE3200CDFF85 /* Utilities */,
				AEDC8FE011D3E41A00EC17CB /* SuperIO */,
				AEB335D911D7E38C00A35176 /* Fan Control */,
				AE6CFBB111D3CD6C002DC828 /* ITE */,
				AE6CFBB211D3CD7B002DC828 /* Winbond */,
				AE6CFBB311D3CD88002DC828 /* Fintek */,
				AE6CFBB411D3CD96002DC828 /* SMSC */,
				12D8F24111EB535A006CA1C0 /* NSC */,
				AEDC900411D3E87500EC17CB /* Service */,
			);
			name = Source;
			sourceTree = "<group>";
		};
		AE6CFBB111D3CD6C002DC828 /* ITE */ = {
			isa = PBXGroup;
			children = (
				AEAD028E11B173120016B8F9 /* ITE.h */,
				AEAD028F11B173120016B8F9 /* ITE.cpp */,
				AEDC09FD11C8028700912FC5 /* ITESensors.h */,
				AEE428DD11D672E00012DECD /* ITEFanController.h */,
			);
			name = ITE;
			sourceTree = "<group>";
		};
		AE6CFBB211D3CD7B002DC828 /* Winbond */ = {
			isa = PBXGroup;
			children = (
				AEAD041611B18D4B0016B8F9 /* Winbond.h */,
				AEAD041711B18D4B0016B8F9 /* Winbond.cpp */,
				AEDC0A0511C8030700912FC5 /* WinbondSensors.h */,
				AEF4121611D7B06C005D8ABF /* WinbondFanController.h */,
			);
			name = Winbond;
			sourceTree = "<group>";
		};
		AE6CFBB311D3CD88002DC828 /* Fintek */ = {
			isa = PBXGroup;
			children = (
				AEEC326111B4414E0048ED14 /* Fintek.h */,
				AEEC326211B4414E0048ED14 /* Fintek.cpp */,
				AE0D5B4711C80E39000C2425 /* FintekSensors.h */,
			);
			name = Fintek;
			sourceTree = "<group>";
		};
		AE6CFBB411D3CD96002DC828 /* SMSC */ = {
			isa = PBXGroup;
			children = (
				AEA932C411D11A2E008FB8FC /* SMSC.h */,
				AEA932C511D11A2E008FB8FC /* SMSC.cpp */,
			);
			name = SMSC;
			sourceTree = "<group>";
		};
		AEB335D911D7E38C00A35176 /* Fan Control */ = {
			isa = PBXGroup;
			children = (
				AEF4124511D7B554005D8ABF /* FanController.h */,
				AEF4124611D7B554005D8ABF /* FanController.cpp */,
			);
			name = "Fan Control";
			sourceTree = "<group>";
		};
		AEDC8FE011D3E41A00EC17CB /* SuperIO */ = {
			isa = PBXGroup;
			children = (
				AEAD02B511B176980016B8F9 /* SuperIO.h */,
				AEAD02B611B176980016B8F9 /* SuperIO.cpp */,
				AE8EEE7311E65C7B00A476CF /* Sensor.h */,
				AE8EEE7511E65C8500A476CF /* Controller.h */,
			);
			name = SuperIO;
			sourceTree = "<group>";
		};
		AEDC900411D3E87500EC17CB /* Service */ = {
			isa = PBXGroup;
			children = (
				1A224C3EFF42367911CA2CB7 /* FakeSMCSuperIOMonitor.h */,
				1A224C3FFF42367911CA2CB7 /* FakeSMCSuperIOMonitor.cpp */,
			);
			name = Service;
			sourceTree = "<group>";
		};
		AEE9D0A211D3FE3200CDFF85 /* Utilities */ = {
			isa = PBXGroup;
			children = (
				AEA7559311CFCF0700299353 /* cpuid.h */,
				AEDC0F8211C2503D00A44427 /* FakeSMC.h */,
			);
			name = Utilities;
			sourceTree = "<group>";
		};
/* End PBXGroup section */

/* Begin PBXHeadersBuildPhase section */
		32D94FC50562CBF700B6AF17 /* Headers */ = {
			isa = PBXHeadersBuildPhase;
			buildActionMask = 2147483647;
			files = (
				32D94FC60562CBF700B6AF17 /* FakeSMCSuperIOMonitor.h in Headers */,
				AEAD029011B173120016B8F9 /* ITE.h in Headers */,
				AEAD02B711B176980016B8F9 /* SuperIO.h in Headers */,
				AEAD041811B18D4B0016B8F9 /* Winbond.h in Headers */,
				AEEC326311B4414E0048ED14 /* Fintek.h in Headers */,
				AEDC0F8311C2503D00A44427 /* FakeSMC.h in Headers */,
				AEDC09FF11C8028700912FC5 /* ITESensors.h in Headers */,
				AEDC0A0711C8030700912FC5 /* WinbondSensors.h in Headers */,
				AE0D5B4911C80E39000C2425 /* FintekSensors.h in Headers */,
				AEA7559411CFCF0700299353 /* cpuid.h in Headers */,
				AEA932C611D11A2E008FB8FC /* SMSC.h in Headers */,
				AEE428DF11D672E00012DECD /* ITEFanController.h in Headers */,
				AEF4121811D7B06C005D8ABF /* WinbondFanController.h in Headers */,
				AEF4124711D7B554005D8ABF /* FanController.h in Headers */,
				AE8EEE7411E65C7B00A476CF /* Sensor.h in Headers */,
				AE8EEE7611E65C8500A476CF /* Controller.h in Headers */,
				12D8F24C11EB5370006CA1C0 /* NSC.h in Headers */,
				122C52E811FC7800008089A2 /* NSCsensor.h in Headers */,
			);
			runOnlyForDeploymentPostprocessing = 0;
		};
/* End PBXHeadersBuildPhase section */

/* Begin PBXNativeTarget section */
		32D94FC30562CBF700B6AF17 /* FakeSMCSuperIO */ = {
			isa = PBXNativeTarget;
			buildConfigurationList = 1DEB91D908733DB10010E9CD /* Build configuration list for PBXNativeTarget "FakeSMCSuperIO" */;
			buildPhases = (
				32D94FC50562CBF700B6AF17 /* Headers */,
				32D94FC70562CBF700B6AF17 /* Resources */,
				32D94FC90562CBF700B6AF17 /* Sources */,
				32D94FCB0562CBF700B6AF17 /* Frameworks */,
				32D94FCC0562CBF700B6AF17 /* Rez */,
			);
			buildRules = (
			);
			dependencies = (
			);
			name = FakeSMCSuperIO;
			productInstallPath = "$(SYSTEM_LIBRARY_DIR)/Extensions";
			productName = PaztalomKawaiIntelCPUThermal;
			productReference = 32D94FD00562CBF700B6AF17 /* FakeSMCSuperIO.kext */;
			productType = "com.apple.product-type.kernel-extension.iokit";
		};
/* End PBXNativeTarget section */

/* Begin PBXProject section */
		089C1669FE841209C02AAC07 /* Project object */ = {
			isa = PBXProject;
			attributes = {
				ORGANIZATIONNAME = mozodojo;
			};
			buildConfigurationList = 1DEB91DD08733DB10010E9CD /* Build configuration list for PBXProject "FakeSMCSuperIO" */;
			compatibilityVersion = "Xcode 3.1";
			hasScannedForEncodings = 1;
			mainGroup = 089C166AFE841209C02AAC07 /* PaztalomKawaiIntelCPUThermal */;
			projectDirPath = "";
			projectRoot = "";
			targets = (
				32D94FC30562CBF700B6AF17 /* FakeSMCSuperIO */,
			);
		};
/* End PBXProject section */

/* Begin PBXResourcesBuildPhase section */
		32D94FC70562CBF700B6AF17 /* Resources */ = {
			isa = PBXResourcesBuildPhase;
			buildActionMask = 2147483647;
			files = (
				32D94FC80562CBF700B6AF17 /* InfoPlist.strings in Resources */,
			);
			runOnlyForDeploymentPostprocessing = 0;
		};
/* End PBXResourcesBuildPhase section */

/* Begin PBXRezBuildPhase section */
		32D94FCC0562CBF700B6AF17 /* Rez */ = {
			isa = PBXRezBuildPhase;
			buildActionMask = 2147483647;
			files = (
			);
			runOnlyForDeploymentPostprocessing = 0;
		};
/* End PBXRezBuildPhase section */

/* Begin PBXSourcesBuildPhase section */
		32D94FC90562CBF700B6AF17 /* Sources */ = {
			isa = PBXSourcesBuildPhase;
			buildActionMask = 2147483647;
			files = (
				32D94FCA0562CBF700B6AF17 /* FakeSMCSuperIOMonitor.cpp in Sources */,
				AEAD029111B173120016B8F9 /* ITE.cpp in Sources */,
				AEAD02B811B176980016B8F9 /* SuperIO.cpp in Sources */,
				AEAD041911B18D4B0016B8F9 /* Winbond.cpp in Sources */,
				AEEC326411B4414E0048ED14 /* Fintek.cpp in Sources */,
				AEA932C711D11A2E008FB8FC /* SMSC.cpp in Sources */,
				AEF4124811D7B554005D8ABF /* FanController.cpp in Sources */,
				12D8F24B11EB5370006CA1C0 /* NSC.cpp in Sources */,
			);
			runOnlyForDeploymentPostprocessing = 0;
		};
/* End PBXSourcesBuildPhase section */

/* Begin PBXVariantGroup section */
		089C167DFE841241C02AAC07 /* InfoPlist.strings */ = {
			isa = PBXVariantGroup;
			children = (
				089C167EFE841241C02AAC07 /* English */,
			);
			name = InfoPlist.strings;
			sourceTree = "<group>";
		};
/* End PBXVariantGroup section */

/* Begin XCBuildConfiguration section */
		12C40D6C11B0945C007B34BA /* Release Leo */ = {
			isa = XCBuildConfiguration;
			buildSettings = {
				ARCHS = (
					i386,
					x86_64,
				);
				GCC_AUTO_VECTORIZATION = YES;
				GCC_GENERATE_DEBUGGING_SYMBOLS = NO;
				GCC_MODEL_TUNING = "";
				GCC_WARN_UNUSED_FUNCTION = YES;
				GCC_WARN_UNUSED_PARAMETER = YES;
				GCC_WARN_UNUSED_VALUE = YES;
				GCC_WARN_UNUSED_VARIABLE = YES;
				ONLY_ACTIVE_ARCH = YES;
				PRODUCT_NAME = FakeSMCSuperIOMonitor;
				SDKROOT = macosx10.5;
				VALID_ARCHS = i386;
			};
			name = "Release Leo";
		};
		12C40D6D11B0945C007B34BA /* Release Leo */ = {
			isa = XCBuildConfiguration;
			buildSettings = {
				ALWAYS_SEARCH_USER_PATHS = NO;
				CURRENT_PROJECT_VERSION = 1.0.0d1;
				DEBUG_INFORMATION_FORMAT = "dwarf-with-dsym";
				GCC_MODEL_TUNING = G5;
				INFOPLIST_FILE = Info.plist;
				INSTALL_PATH = "$(SYSTEM_LIBRARY_DIR)/Extensions";
				MODULE_NAME = com.yourcompany.driver.PaztalomKawaiIntelCPUThermal;
				MODULE_VERSION = 1.0.0d1;
				PRODUCT_NAME = FakeSMCSuperIO;
				WRAPPER_EXTENSION = kext;
			};
			name = "Release Leo";
		};
		1DEB91DA08733DB10010E9CD /* Debug */ = {
			isa = XCBuildConfiguration;
			buildSettings = {
				ALWAYS_SEARCH_USER_PATHS = NO;
				COPY_PHASE_STRIP = NO;
				CURRENT_PROJECT_VERSION = 1.0.0d1;
				DEBUG_INFORMATION_FORMAT = "dwarf-with-dsym";
				GCC_DYNAMIC_NO_PIC = NO;
				GCC_MODEL_TUNING = G5;
				GCC_OPTIMIZATION_LEVEL = 0;
				INFOPLIST_FILE = Info.plist;
				INSTALL_PATH = "$(SYSTEM_LIBRARY_DIR)/Extensions";
				MODULE_NAME = com.yourcompany.driver.PaztalomKawaiIntelCPUThermal;
				MODULE_VERSION = 1.0.0d1;
				PRODUCT_NAME = FakeSMCSuperIO;
				WRAPPER_EXTENSION = kext;
			};
			name = Debug;
		};
		1DEB91DB08733DB10010E9CD /* Release */ = {
			isa = XCBuildConfiguration;
			buildSettings = {
				ALWAYS_SEARCH_USER_PATHS = NO;
				CURRENT_PROJECT_VERSION = 1.0.0d1;
				DEBUG_INFORMATION_FORMAT = "dwarf-with-dsym";
				GCC_MODEL_TUNING = G5;
				INFOPLIST_FILE = Info.plist;
				INSTALL_PATH = "$(SYSTEM_LIBRARY_DIR)/Extensions";
				MODULE_NAME = com.yourcompany.driver.PaztalomKawaiIntelCPUThermal;
				MODULE_VERSION = 1.0.0d1;
				PRODUCT_NAME = FakeSMCSuperIO;
				WRAPPER_EXTENSION = kext;
			};
			name = Release;
		};
		1DEB91DE08733DB10010E9CD /* Debug */ = {
			isa = XCBuildConfiguration;
			buildSettings = {
				ARCHS = (
					i386,
					x86_64,
				);
				CURRENT_PROJECT_VERSION = 1.1;
				GCC_AUTO_VECTORIZATION = YES;
				GCC_C_LANGUAGE_STANDARD = gnu99;
				GCC_GENERATE_DEBUGGING_SYMBOLS = NO;
				GCC_MODEL_TUNING = "";
				GCC_OPTIMIZATION_LEVEL = s;
				GCC_WARN_ABOUT_RETURN_TYPE = YES;
				GCC_WARN_UNUSED_VARIABLE = YES;
				MODULE_NAME = FakeSMCLPCMonitor;
				MODULE_VERSION = 1.1;
				ONLY_ACTIVE_ARCH = YES;
				PREBINDING = NO;
				SDKROOT = macosx10.6;
				VALID_ARCHS = "i386 x86_64";
				VERSION_INFO_BUILDER = mozo;
			};
			name = Debug;
		};
		1DEB91DF08733DB10010E9CD /* Release */ = {
			isa = XCBuildConfiguration;
			buildSettings = {
				ARCHS = (
					i386,
					x86_64,
				);
				GCC_AUTO_VECTORIZATION = YES;
				GCC_ENABLE_PASCAL_STRINGS = NO;
				GCC_FAST_OBJC_DISPATCH = NO;
				GCC_GENERATE_DEBUGGING_SYMBOLS = NO;
				GCC_MODEL_TUNING = "";
				GCC_OPTIMIZATION_LEVEL = s;
				GCC_VERSION = "";
				GCC_WARN_ABOUT_RETURN_TYPE = YES;
				GCC_WARN_UNUSED_FUNCTION = YES;
				GCC_WARN_UNUSED_PARAMETER = YES;
				GCC_WARN_UNUSED_VALUE = YES;
				GCC_WARN_UNUSED_VARIABLE = YES;
				PREBINDING = NO;
				SDKROOT = macosx10.6;
				VALID_ARCHS = "i386 x86_64";
			};
			name = Release;
		};
/* End XCBuildConfiguration section */

/* Begin XCConfigurationList section */
		1DEB91D908733DB10010E9CD /* Build configuration list for PBXNativeTarget "FakeSMCSuperIO" */ = {
			isa = XCConfigurationList;
			buildConfigurations = (
				1DEB91DA08733DB10010E9CD /* Debug */,
				1DEB91DB08733DB10010E9CD /* Release */,
				12C40D6D11B0945C007B34BA /* Release Leo */,
			);
			defaultConfigurationIsVisible = 0;
			defaultConfigurationName = Release;
		};
		1DEB91DD08733DB10010E9CD /* Build configuration list for PBXProject "FakeSMCSuperIO" */ = {
			isa = XCConfigurationList;
			buildConfigurations = (
				1DEB91DE08733DB10010E9CD /* Debug */,
				1DEB91DF08733DB10010E9CD /* Release */,
				12C40D6C11B0945C007B34BA /* Release Leo */,
			);
			defaultConfigurationIsVisible = 0;
			defaultConfigurationName = Release;
		};
/* End XCConfigurationList section */
	};
	rootObject = 089C1669FE841209C02AAC07 /* Project object */;
}
