// !$*UTF8*$!
{
	archiveVersion = 1;
	classes = {
	};
	objectVersion = 45;
	objects = {

/* Begin PBXBuildFile section */
		32D94FC60562CBF700B6AF17 /* FakeSMCnVclockPort.h in Headers */ = {isa = PBXBuildFile; fileRef = 1A224C3EFF42367911CA2CB7 /* FakeSMCnVclockPort.h */; };
		32D94FC80562CBF700B6AF17 /* InfoPlist.strings in Resources */ = {isa = PBXBuildFile; fileRef = 089C167DFE841241C02AAC07 /* InfoPlist.strings */; };
		32D94FCA0562CBF700B6AF17 /* FakeSMCnVclockPort.cpp in Sources */ = {isa = PBXBuildFile; fileRef = 1A224C3FFF42367911CA2CB7 /* FakeSMCnVclockPort.cpp */; settings = {ATTRIBUTES = (); }; };
		4C2A786811C6AE3000CBEBF9 /* adt7473.cpp in Sources */ = {isa = PBXBuildFile; fileRef = 4C2A785711C6AE3000CBEBF9 /* adt7473.cpp */; };
		4C2A786911C6AE3000CBEBF9 /* backend.cpp in Sources */ = {isa = PBXBuildFile; fileRef = 4C2A785811C6AE3000CBEBF9 /* backend.cpp */; };
		4C2A786A11C6AE3000CBEBF9 /* bios.cpp in Sources */ = {isa = PBXBuildFile; fileRef = 4C2A785911C6AE3000CBEBF9 /* bios.cpp */; };
		4C2A786B11C6AE3000CBEBF9 /* error.cpp in Sources */ = {isa = PBXBuildFile; fileRef = 4C2A785A11C6AE3000CBEBF9 /* error.cpp */; };
		4C2A786C11C6AE3000CBEBF9 /* f75375.cpp in Sources */ = {isa = PBXBuildFile; fileRef = 4C2A785B11C6AE3000CBEBF9 /* f75375.cpp */; };
		4C2A786D11C6AE3000CBEBF9 /* i2c.cpp in Sources */ = {isa = PBXBuildFile; fileRef = 4C2A785C11C6AE3000CBEBF9 /* i2c.cpp */; };
		4C2A786E11C6AE3000CBEBF9 /* info.cpp in Sources */ = {isa = PBXBuildFile; fileRef = 4C2A785D11C6AE3000CBEBF9 /* info.cpp */; };
		4C2A786F11C6AE3000CBEBF9 /* libc_wrapper.cpp in Sources */ = {isa = PBXBuildFile; fileRef = 4C2A785E11C6AE3000CBEBF9 /* libc_wrapper.cpp */; };
		4C2A787011C6AE3000CBEBF9 /* lm99.cpp in Sources */ = {isa = PBXBuildFile; fileRef = 4C2A785F11C6AE3000CBEBF9 /* lm99.cpp */; };
		4C2A787211C6AE3000CBEBF9 /* nv40.cpp in Sources */ = {isa = PBXBuildFile; fileRef = 4C2A786111C6AE3000CBEBF9 /* nv40.cpp */; };
		4C2A787311C6AE3000CBEBF9 /* nv50.cpp in Sources */ = {isa = PBXBuildFile; fileRef = 4C2A786211C6AE3000CBEBF9 /* nv50.cpp */; };
		4C2A787411C6AE3000CBEBF9 /* overclock.cpp in Sources */ = {isa = PBXBuildFile; fileRef = 4C2A786311C6AE3000CBEBF9 /* overclock.cpp */; };
		4C2A787511C6AE3000CBEBF9 /* utils.cpp in Sources */ = {isa = PBXBuildFile; fileRef = 4C2A786411C6AE3000CBEBF9 /* utils.cpp */; };
		4C2A787611C6AE3000CBEBF9 /* w83l785r.cpp in Sources */ = {isa = PBXBuildFile; fileRef = 4C2A786511C6AE3000CBEBF9 /* w83l785r.cpp */; };
		4C2A787711C6AE3000CBEBF9 /* w83781d.cpp in Sources */ = {isa = PBXBuildFile; fileRef = 4C2A786611C6AE3000CBEBF9 /* w83781d.cpp */; };
		4C2A787811C6AE3000CBEBF9 /* xf86i2c.cpp in Sources */ = {isa = PBXBuildFile; fileRef = 4C2A786711C6AE3000CBEBF9 /* xf86i2c.cpp */; };
		4C9C69DC11C3734E005AB945 /* backend.h in Headers */ = {isa = PBXBuildFile; fileRef = 4C9C699511C3734E005AB945 /* backend.h */; };
		4C9C69E111C3734E005AB945 /* f75375.h in Headers */ = {isa = PBXBuildFile; fileRef = 4C9C699A11C3734E005AB945 /* f75375.h */; };
		4C9C69E311C3734E005AB945 /* i2c.h in Headers */ = {isa = PBXBuildFile; fileRef = 4C9C699C11C3734E005AB945 /* i2c.h */; };
		4C9C69E711C3734E005AB945 /* Makefile.in in Resources */ = {isa = PBXBuildFile; fileRef = 4C9C69A011C3734E005AB945 /* Makefile.in */; };
		4C9C69EB11C3734E005AB945 /* nvclock.h in Headers */ = {isa = PBXBuildFile; fileRef = 4C9C69A411C3734E005AB945 /* nvclock.h */; };
		4C9C69ED11C3734E005AB945 /* nvreg.h in Headers */ = {isa = PBXBuildFile; fileRef = 4C9C69A611C3734E005AB945 /* nvreg.h */; };
		4C9C69F311C3734E005AB945 /* xf86i2c.h in Headers */ = {isa = PBXBuildFile; fileRef = 4C9C69AC11C3734E005AB945 /* xf86i2c.h */; };
		4C9C69F411C3734E005AB945 /* xfree.h in Headers */ = {isa = PBXBuildFile; fileRef = 4C9C69AD11C3734E005AB945 /* xfree.h */; };
		4CC59B0D11C7B428009B57DC /* FakeSMC.h in Headers */ = {isa = PBXBuildFile; fileRef = 4CC59B0C11C7B428009B57DC /* FakeSMC.h */; };
/* End PBXBuildFile section */

/* Begin PBXFileReference section */
		089C167EFE841241C02AAC07 /* English */ = {isa = PBXFileReference; fileEncoding = 4; lastKnownFileType = text.plist.strings; name = English; path = English.lproj/InfoPlist.strings; sourceTree = "<group>"; };
		1A224C3EFF42367911CA2CB7 /* FakeSMCnVclockPort.h */ = {isa = PBXFileReference; fileEncoding = 4; lastKnownFileType = sourcecode.c.h; path = FakeSMCnVclockPort.h; sourceTree = "<group>"; };
		1A224C3FFF42367911CA2CB7 /* FakeSMCnVclockPort.cpp */ = {isa = PBXFileReference; fileEncoding = 4; lastKnownFileType = sourcecode.cpp.cpp; path = FakeSMCnVclockPort.cpp; sourceTree = "<group>"; };
		32D94FCF0562CBF700B6AF17 /* Info.plist */ = {isa = PBXFileReference; lastKnownFileType = text.plist.xml; path = Info.plist; sourceTree = "<group>"; };
		32D94FD00562CBF700B6AF17 /* FakeSMCnVclockPort.kext */ = {isa = PBXFileReference; explicitFileType = wrapper.cfbundle; includeInIndex = 0; path = FakeSMCnVclockPort.kext; sourceTree = BUILT_PRODUCTS_DIR; };
		4C2A785711C6AE3000CBEBF9 /* adt7473.cpp */ = {isa = PBXFileReference; fileEncoding = 4; lastKnownFileType = sourcecode.cpp.cpp; path = adt7473.cpp; sourceTree = "<group>"; };
		4C2A785811C6AE3000CBEBF9 /* backend.cpp */ = {isa = PBXFileReference; fileEncoding = 4; lastKnownFileType = sourcecode.cpp.cpp; path = backend.cpp; sourceTree = "<group>"; };
		4C2A785911C6AE3000CBEBF9 /* bios.cpp */ = {isa = PBXFileReference; fileEncoding = 4; lastKnownFileType = sourcecode.cpp.cpp; path = bios.cpp; sourceTree = "<group>"; };
		4C2A785A11C6AE3000CBEBF9 /* error.cpp */ = {isa = PBXFileReference; fileEncoding = 4; lastKnownFileType = sourcecode.cpp.cpp; path = error.cpp; sourceTree = "<group>"; };
		4C2A785B11C6AE3000CBEBF9 /* f75375.cpp */ = {isa = PBXFileReference; fileEncoding = 4; lastKnownFileType = sourcecode.cpp.cpp; path = f75375.cpp; sourceTree = "<group>"; };
		4C2A785C11C6AE3000CBEBF9 /* i2c.cpp */ = {isa = PBXFileReference; fileEncoding = 4; lastKnownFileType = sourcecode.cpp.cpp; path = i2c.cpp; sourceTree = "<group>"; };
		4C2A785D11C6AE3000CBEBF9 /* info.cpp */ = {isa = PBXFileReference; fileEncoding = 4; lastKnownFileType = sourcecode.cpp.cpp; path = info.cpp; sourceTree = "<group>"; };
		4C2A785E11C6AE3000CBEBF9 /* libc_wrapper.cpp */ = {isa = PBXFileReference; fileEncoding = 4; lastKnownFileType = sourcecode.cpp.cpp; path = libc_wrapper.cpp; sourceTree = "<group>"; };
		4C2A785F11C6AE3000CBEBF9 /* lm99.cpp */ = {isa = PBXFileReference; fileEncoding = 4; lastKnownFileType = sourcecode.cpp.cpp; path = lm99.cpp; sourceTree = "<group>"; };
		4C2A786111C6AE3000CBEBF9 /* nv40.cpp */ = {isa = PBXFileReference; fileEncoding = 4; lastKnownFileType = sourcecode.cpp.cpp; path = nv40.cpp; sourceTree = "<group>"; };
		4C2A786211C6AE3000CBEBF9 /* nv50.cpp */ = {isa = PBXFileReference; fileEncoding = 4; lastKnownFileType = sourcecode.cpp.cpp; path = nv50.cpp; sourceTree = "<group>"; };
		4C2A786311C6AE3000CBEBF9 /* overclock.cpp */ = {isa = PBXFileReference; fileEncoding = 4; lastKnownFileType = sourcecode.cpp.cpp; path = overclock.cpp; sourceTree = "<group>"; };
		4C2A786411C6AE3000CBEBF9 /* utils.cpp */ = {isa = PBXFileReference; fileEncoding = 4; lastKnownFileType = sourcecode.cpp.cpp; path = utils.cpp; sourceTree = "<group>"; };
		4C2A786511C6AE3000CBEBF9 /* w83l785r.cpp */ = {isa = PBXFileReference; fileEncoding = 4; lastKnownFileType = sourcecode.cpp.cpp; path = w83l785r.cpp; sourceTree = "<group>"; };
		4C2A786611C6AE3000CBEBF9 /* w83781d.cpp */ = {isa = PBXFileReference; fileEncoding = 4; lastKnownFileType = sourcecode.cpp.cpp; path = w83781d.cpp; sourceTree = "<group>"; };
		4C2A786711C6AE3000CBEBF9 /* xf86i2c.cpp */ = {isa = PBXFileReference; fileEncoding = 4; lastKnownFileType = sourcecode.cpp.cpp; path = xf86i2c.cpp; sourceTree = "<group>"; };
		4C9C699511C3734E005AB945 /* backend.h */ = {isa = PBXFileReference; fileEncoding = 4; lastKnownFileType = sourcecode.c.h; path = backend.h; sourceTree = "<group>"; };
		4C9C699A11C3734E005AB945 /* f75375.h */ = {isa = PBXFileReference; fileEncoding = 4; lastKnownFileType = sourcecode.c.h; path = f75375.h; sourceTree = "<group>"; };
		4C9C699C11C3734E005AB945 /* i2c.h */ = {isa = PBXFileReference; fileEncoding = 4; lastKnownFileType = sourcecode.c.h; path = i2c.h; sourceTree = "<group>"; };
		4C9C69A011C3734E005AB945 /* Makefile.in */ = {isa = PBXFileReference; fileEncoding = 4; lastKnownFileType = text; path = Makefile.in; sourceTree = "<group>"; };
		4C9C69A411C3734E005AB945 /* nvclock.h */ = {isa = PBXFileReference; fileEncoding = 4; lastKnownFileType = sourcecode.c.h; path = nvclock.h; sourceTree = "<group>"; };
		4C9C69A611C3734E005AB945 /* nvreg.h */ = {isa = PBXFileReference; fileEncoding = 4; lastKnownFileType = sourcecode.c.h; path = nvreg.h; sourceTree = "<group>"; };
		4C9C69AC11C3734E005AB945 /* xf86i2c.h */ = {isa = PBXFileReference; fileEncoding = 4; lastKnownFileType = sourcecode.c.h; path = xf86i2c.h; sourceTree = "<group>"; };
		4C9C69AD11C3734E005AB945 /* xfree.h */ = {isa = PBXFileReference; fileEncoding = 4; lastKnownFileType = sourcecode.c.h; path = xfree.h; sourceTree = "<group>"; };
		4CC59B0C11C7B428009B57DC /* FakeSMC.h */ = {isa = PBXFileReference; fileEncoding = 4; lastKnownFileType = sourcecode.c.h; path = FakeSMC.h; sourceTree = "<group>"; };
		8DA8362C06AD9B9200E5AC22 /* Kernel.framework */ = {isa = PBXFileReference; lastKnownFileType = wrapper.framework; name = Kernel.framework; path = /System/Library/Frameworks/Kernel.framework; sourceTree = "<absolute>"; };
/* End PBXFileReference section */

/* Begin PBXFrameworksBuildPhase section */
		32D94FCB0562CBF700B6AF17 /* Frameworks */ = {
			isa = PBXFrameworksBuildPhase;
			buildActionMask = 2147483647;
			files = (
			);
			runOnlyForDeploymentPostprocessing = 0;
		};
/* End PBXFrameworksBuildPhase section */

/* Begin PBXGroup section */
		089C166AFE841209C02AAC07 /* FakeSMCnVclockPort */ = {
			isa = PBXGroup;
			children = (
				247142CAFF3F8F9811CA285C /* Source */,
				8DA8362C06AD9B9200E5AC22 /* Kernel.framework */,
				089C167CFE841241C02AAC07 /* Resources */,
				19C28FB6FE9D52B211CA2CBB /* Products */,
			);
			name = FakeSMCnVclockPort;
			sourceTree = "<group>";
		};
		089C167CFE841241C02AAC07 /* Resources */ = {
			isa = PBXGroup;
			children = (
				32D94FCF0562CBF700B6AF17 /* Info.plist */,
				089C167DFE841241C02AAC07 /* InfoPlist.strings */,
			);
			name = Resources;
			sourceTree = "<group>";
		};
		19C28FB6FE9D52B211CA2CBB /* Products */ = {
			isa = PBXGroup;
			children = (
				32D94FD00562CBF700B6AF17 /* FakeSMCnVclockPort.kext */,
			);
			name = Products;
			sourceTree = "<group>";
		};
		247142CAFF3F8F9811CA285C /* Source */ = {
			isa = PBXGroup;
			children = (
				4C9C698C11C3734E005AB945 /* src */,
				4CC59B0C11C7B428009B57DC /* FakeSMC.h */,
				1A224C3EFF42367911CA2CB7 /* FakeSMCnVclockPort.h */,
				1A224C3FFF42367911CA2CB7 /* FakeSMCnVclockPort.cpp */,
			);
			name = Source;
			sourceTree = "<group>";
		};
		4C9C698C11C3734E005AB945 /* src */ = {
			isa = PBXGroup;
			children = (
				4C9C698E11C3734E005AB945 /* backend */,
			);
			path = src;
			sourceTree = "<group>";
		};
		4C9C698E11C3734E005AB945 /* backend */ = {
			isa = PBXGroup;
			children = (
				4C2A785711C6AE3000CBEBF9 /* adt7473.cpp */,
				4C2A785811C6AE3000CBEBF9 /* backend.cpp */,
				4C2A785911C6AE3000CBEBF9 /* bios.cpp */,
				4C2A785A11C6AE3000CBEBF9 /* error.cpp */,
				4C2A785B11C6AE3000CBEBF9 /* f75375.cpp */,
				4C2A785C11C6AE3000CBEBF9 /* i2c.cpp */,
				4C2A785D11C6AE3000CBEBF9 /* info.cpp */,
				4C2A785E11C6AE3000CBEBF9 /* libc_wrapper.cpp */,
				4C2A785F11C6AE3000CBEBF9 /* lm99.cpp */,
				4C2A786111C6AE3000CBEBF9 /* nv40.cpp */,
				4C2A786211C6AE3000CBEBF9 /* nv50.cpp */,
				4C2A786311C6AE3000CBEBF9 /* overclock.cpp */,
				4C2A786411C6AE3000CBEBF9 /* utils.cpp */,
				4C2A786511C6AE3000CBEBF9 /* w83l785r.cpp */,
				4C2A786611C6AE3000CBEBF9 /* w83781d.cpp */,
				4C2A786711C6AE3000CBEBF9 /* xf86i2c.cpp */,
				4C9C699511C3734E005AB945 /* backend.h */,
				4C9C699A11C3734E005AB945 /* f75375.h */,
				4C9C699C11C3734E005AB945 /* i2c.h */,
				4C9C69A011C3734E005AB945 /* Makefile.in */,
				4C9C69A411C3734E005AB945 /* nvclock.h */,
				4C9C69A611C3734E005AB945 /* nvreg.h */,
				4C9C69AC11C3734E005AB945 /* xf86i2c.h */,
				4C9C69AD11C3734E005AB945 /* xfree.h */,
			);
			path = backend;
			sourceTree = "<group>";
		};
/* End PBXGroup section */

/* Begin PBXHeadersBuildPhase section */
		32D94FC50562CBF700B6AF17 /* Headers */ = {
			isa = PBXHeadersBuildPhase;
			buildActionMask = 2147483647;
			files = (
				32D94FC60562CBF700B6AF17 /* FakeSMCnVclockPort.h in Headers */,
				4C9C69DC11C3734E005AB945 /* backend.h in Headers */,
				4C9C69E111C3734E005AB945 /* f75375.h in Headers */,
				4C9C69E311C3734E005AB945 /* i2c.h in Headers */,
				4C9C69EB11C3734E005AB945 /* nvclock.h in Headers */,
				4C9C69ED11C3734E005AB945 /* nvreg.h in Headers */,
				4C9C69F311C3734E005AB945 /* xf86i2c.h in Headers */,
				4C9C69F411C3734E005AB945 /* xfree.h in Headers */,
				4CC59B0D11C7B428009B57DC /* FakeSMC.h in Headers */,
			);
			runOnlyForDeploymentPostprocessing = 0;
		};
/* End PBXHeadersBuildPhase section */

/* Begin PBXNativeTarget section */
		32D94FC30562CBF700B6AF17 /* FakeSMCnVclockPort */ = {
			isa = PBXNativeTarget;
			buildConfigurationList = 1DEB91D908733DB10010E9CD /* Build configuration list for PBXNativeTarget "FakeSMCnVclockPort" */;
			buildPhases = (
				32D94FC50562CBF700B6AF17 /* Headers */,
				32D94FC70562CBF700B6AF17 /* Resources */,
				32D94FC90562CBF700B6AF17 /* Sources */,
				32D94FCB0562CBF700B6AF17 /* Frameworks */,
				32D94FCC0562CBF700B6AF17 /* Rez */,
			);
			buildRules = (
			);
			dependencies = (
			);
			name = FakeSMCnVclockPort;
			productInstallPath = "$(SYSTEM_LIBRARY_DIR)/Extensions";
			productName = FakeSMCnVclockPort;
			productReference = 32D94FD00562CBF700B6AF17 /* FakeSMCnVclockPort.kext */;
			productType = "com.apple.product-type.kernel-extension.iokit";
		};
/* End PBXNativeTarget section */

/* Begin PBXProject section */
		089C1669FE841209C02AAC07 /* Project object */ = {
			isa = PBXProject;
			buildConfigurationList = 1DEB91DD08733DB10010E9CD /* Build configuration list for PBXProject "FakeSMCnVclockPort" */;
			compatibilityVersion = "Xcode 3.1";
			hasScannedForEncodings = 1;
			mainGroup = 089C166AFE841209C02AAC07 /* FakeSMCnVclockPort */;
			projectDirPath = "";
			projectRoot = "";
			targets = (
				32D94FC30562CBF700B6AF17 /* FakeSMCnVclockPort */,
			);
		};
/* End PBXProject section */

/* Begin PBXResourcesBuildPhase section */
		32D94FC70562CBF700B6AF17 /* Resources */ = {
			isa = PBXResourcesBuildPhase;
			buildActionMask = 2147483647;
			files = (
				32D94FC80562CBF700B6AF17 /* InfoPlist.strings in Resources */,
				4C9C69E711C3734E005AB945 /* Makefile.in in Resources */,
			);
			runOnlyForDeploymentPostprocessing = 0;
		};
/* End PBXResourcesBuildPhase section */

/* Begin PBXRezBuildPhase section */
		32D94FCC0562CBF700B6AF17 /* Rez */ = {
			isa = PBXRezBuildPhase;
			buildActionMask = 2147483647;
			files = (
			);
			runOnlyForDeploymentPostprocessing = 0;
		};
/* End PBXRezBuildPhase section */

/* Begin PBXSourcesBuildPhase section */
		32D94FC90562CBF700B6AF17 /* Sources */ = {
			isa = PBXSourcesBuildPhase;
			buildActionMask = 2147483647;
			files = (
				32D94FCA0562CBF700B6AF17 /* FakeSMCnVclockPort.cpp in Sources */,
				4C2A786811C6AE3000CBEBF9 /* adt7473.cpp in Sources */,
				4C2A786911C6AE3000CBEBF9 /* backend.cpp in Sources */,
				4C2A786A11C6AE3000CBEBF9 /* bios.cpp in Sources */,
				4C2A786B11C6AE3000CBEBF9 /* error.cpp in Sources */,
				4C2A786C11C6AE3000CBEBF9 /* f75375.cpp in Sources */,
				4C2A786D11C6AE3000CBEBF9 /* i2c.cpp in Sources */,
				4C2A786E11C6AE3000CBEBF9 /* info.cpp in Sources */,
				4C2A786F11C6AE3000CBEBF9 /* libc_wrapper.cpp in Sources */,
				4C2A787011C6AE3000CBEBF9 /* lm99.cpp in Sources */,
				4C2A787211C6AE3000CBEBF9 /* nv40.cpp in Sources */,
				4C2A787311C6AE3000CBEBF9 /* nv50.cpp in Sources */,
				4C2A787411C6AE3000CBEBF9 /* overclock.cpp in Sources */,
				4C2A787511C6AE3000CBEBF9 /* utils.cpp in Sources */,
				4C2A787611C6AE3000CBEBF9 /* w83l785r.cpp in Sources */,
				4C2A787711C6AE3000CBEBF9 /* w83781d.cpp in Sources */,
				4C2A787811C6AE3000CBEBF9 /* xf86i2c.cpp in Sources */,
			);
			runOnlyForDeploymentPostprocessing = 0;
		};
/* End PBXSourcesBuildPhase section */

/* Begin PBXVariantGroup section */
		089C167DFE841241C02AAC07 /* InfoPlist.strings */ = {
			isa = PBXVariantGroup;
			children = (
				089C167EFE841241C02AAC07 /* English */,
			);
			name = InfoPlist.strings;
			sourceTree = "<group>";
		};
/* End PBXVariantGroup section */

/* Begin XCBuildConfiguration section */
		124F3E6B11C930B2000E7F21 /* Release Leo */ = {
			isa = XCBuildConfiguration;
			buildSettings = {
				ARCHS = (
					i386,
					x86_64,
				);
				GCC_AUTO_VECTORIZATION = YES;
				GCC_C_LANGUAGE_STANDARD = gnu99;
				GCC_GENERATE_DEBUGGING_SYMBOLS = NO;
				GCC_MODEL_TUNING = "";
				GCC_OPTIMIZATION_LEVEL = s;
				GCC_WARN_ABOUT_RETURN_TYPE = YES;
				GCC_WARN_UNUSED_VARIABLE = YES;
				ONLY_ACTIVE_ARCH = YES;
				PREBINDING = NO;
				SDKROOT = macosx10.5;
				VALID_ARCHS = "i386 x86_64";
			};
			name = "Release Leo";
		};
		124F3E6C11C930B2000E7F21 /* Release Leo */ = {
			isa = XCBuildConfiguration;
			buildSettings = {
				ALWAYS_SEARCH_USER_PATHS = NO;
				CURRENT_PROJECT_VERSION = 1.0.0d1;
				DEBUG_INFORMATION_FORMAT = "dwarf-with-dsym";
				GCC_MODEL_TUNING = "";
				GCC_OPTIMIZATION_LEVEL = s;
				INFOPLIST_FILE = Info.plist;
				INSTALL_PATH = "$(SYSTEM_LIBRARY_DIR)/Extensions";
				MODULE_NAME = com.PaztalomTechnologiez.nVmon;
				MODULE_VERSION = 1.0.0d1;
				PRODUCT_NAME = FakeSMCnVclockPort;
				WRAPPER_EXTENSION = kext;
			};
			name = "Release Leo";
		};
		1DEB91DA08733DB10010E9CD /* Debug */ = {
			isa = XCBuildConfiguration;
			buildSettings = {
				ALWAYS_SEARCH_USER_PATHS = NO;
				COPY_PHASE_STRIP = NO;
				CURRENT_PROJECT_VERSION = 1.0.0d1;
				DEBUG_INFORMATION_FORMAT = "dwarf-with-dsym";
				GCC_DYNAMIC_NO_PIC = NO;
				GCC_MODEL_TUNING = "";
				GCC_OPTIMIZATION_LEVEL = s;
				INFOPLIST_FILE = Info.plist;
				INSTALL_PATH = "$(SYSTEM_LIBRARY_DIR)/Extensions";
				MODULE_NAME = com.PaztalomTechnologiez.nVmon;
				MODULE_VERSION = 1.0.0d1;
				PRODUCT_NAME = FakeSMCnVclockPort;
				WRAPPER_EXTENSION = kext;
			};
			name = Debug;
		};
		1DEB91DB08733DB10010E9CD /* Release */ = {
			isa = XCBuildConfiguration;
			buildSettings = {
				ALWAYS_SEARCH_USER_PATHS = NO;
				CURRENT_PROJECT_VERSION = 1.0.0d1;
				DEBUG_INFORMATION_FORMAT = "dwarf-with-dsym";
				GCC_MODEL_TUNING = "";
				GCC_OPTIMIZATION_LEVEL = s;
				INFOPLIST_FILE = Info.plist;
				INSTALL_PATH = "$(SYSTEM_LIBRARY_DIR)/Extensions";
				MODULE_NAME = com.PaztalomTechnologiez.nVmon;
				MODULE_VERSION = 1.0.0d1;
				PRODUCT_NAME = FakeSMCnVclockPort;
				WRAPPER_EXTENSION = kext;
			};
			name = Release;
		};
		1DEB91DE08733DB10010E9CD /* Debug */ = {
			isa = XCBuildConfiguration;
			buildSettings = {
				ARCHS = (
					i386,
					x86_64,
				);
				GCC_AUTO_VECTORIZATION = YES;
				GCC_C_LANGUAGE_STANDARD = gnu99;
				GCC_GENERATE_DEBUGGING_SYMBOLS = NO;
				GCC_MODEL_TUNING = "";
				GCC_OPTIMIZATION_LEVEL = s;
				GCC_WARN_ABOUT_RETURN_TYPE = YES;
				GCC_WARN_UNUSED_VARIABLE = YES;
				ONLY_ACTIVE_ARCH = YES;
				PREBINDING = NO;
				SDKROOT = macosx10.6;
				VALID_ARCHS = "i386 x86_64";
			};
			name = Debug;
		};
		1DEB91DF08733DB10010E9CD /* Release */ = {
			isa = XCBuildConfiguration;
			buildSettings = {
				ARCHS = (
					i386,
					x86_64,
				);
				GCC_AUTO_VECTORIZATION = YES;
				GCC_C_LANGUAGE_STANDARD = gnu99;
				GCC_GENERATE_DEBUGGING_SYMBOLS = NO;
				GCC_MODEL_TUNING = "";
				GCC_OPTIMIZATION_LEVEL = s;
				GCC_WARN_ABOUT_RETURN_TYPE = YES;
				GCC_WARN_UNUSED_VARIABLE = YES;
				PREBINDING = NO;
				SDKROOT = macosx10.6;
				VALID_ARCHS = "i386 x86_64";
			};
			name = Release;
		};
/* End XCBuildConfiguration section */

/* Begin XCConfigurationList section */
		1DEB91D908733DB10010E9CD /* Build configuration list for PBXNativeTarget "FakeSMCnVclockPort" */ = {
			isa = XCConfigurationList;
			buildConfigurations = (
				1DEB91DA08733DB10010E9CD /* Debug */,
				1DEB91DB08733DB10010E9CD /* Release */,
				124F3E6C11C930B2000E7F21 /* Release Leo */,
			);
			defaultConfigurationIsVisible = 0;
			defaultConfigurationName = Release;
		};
		1DEB91DD08733DB10010E9CD /* Build configuration list for PBXProject "FakeSMCnVclockPort" */ = {
			isa = XCConfigurationList;
			buildConfigurations = (
				1DEB91DE08733DB10010E9CD /* Debug */,
				1DEB91DF08733DB10010E9CD /* Release */,
				124F3E6B11C930B2000E7F21 /* Release Leo */,
			);
			defaultConfigurationIsVisible = 0;
			defaultConfigurationName = Release;
		};
/* End XCConfigurationList section */
	};
	rootObject = 089C1669FE841209C02AAC07 /* Project object */;
}
